
Microsoft Visual Studio Solution File, Format Version 12.00
# Visual Studio 15
VisualStudioVersion = 15.0.27130.2027
MinimumVisualStudioVersion = 10.0.40219.1
Project("{FAE04EC0-301F-11D3-BF4B-00C04F79EFBC}") = "Common", "Common\Common.csproj", "{E5811B43-3B9B-4D54-B7C8-D664AE0E0216}"
EndProject
Project("{FAE04EC0-301F-11D3-BF4B-00C04F79EFBC}") = "Common.API", "Common.API\Common.API.csproj", "{B5DAB1B9-FC31-4C57-BA89-4213E293FCEA}"
EndProject
Project("{FAE04EC0-301F-11D3-BF4B-00C04F79EFBC}") = "Common.Authentication.Dto", "Common.Authentication.Dto\Common.Authentication.Dto.csproj", "{4DA7AA58-06E7-4E91-B3E3-BD6B32337CB0}"
EndProject
Project("{FAE04EC0-301F-11D3-BF4B-00C04F79EFBC}") = "Common.Domain", "Common.Domain\Common.Domain.csproj", "{AF134BF9-6C09-4822-BBEB-A2EFF5B1878D}"
EndProject
Project("{FAE04EC0-301F-11D3-BF4B-00C04F79EFBC}") = "Common.Dto", "Common.Dto\Common.Dto.csproj", "{4F50C9A4-075B-4145-A65E-DE10D78F260C}"
EndProject
Project("{FAE04EC0-301F-11D3-BF4B-00C04F79EFBC}") = "Common.Gen", "Common.Gen\Common.Gen.csproj", "{58799509-F5DD-4C84-84F8-605D0A563D29}"
EndProject
Project("{FAE04EC0-301F-11D3-BF4B-00C04F79EFBC}") = "Common.Infrastructure.Cache", "Common.Infrastructure.Cache\Common.Infrastructure.Cache.csproj", "{688D6D42-2D19-4814-B720-B35A5A799326}"
EndProject
Project("{FAE04EC0-301F-11D3-BF4B-00C04F79EFBC}") = "Common.Infrastructure.Log", "Common.Infrastructure.Log\Common.Infrastructure.Log.csproj", "{E46D2F64-A222-4C5F-BF21-B60D236DA808}"
EndProject
Project("{FAE04EC0-301F-11D3-BF4B-00C04F79EFBC}") = "Common.Infrastructure.ORM", "Common.Infrastructure.ORM\Common.Infrastructure.ORM.csproj", "{A246AC2A-B074-4008-956B-8B7F0302C633}"
EndProject
Project("{FAE04EC0-301F-11D3-BF4B-00C04F79EFBC}") = "Common.Test", "Common.Test\Common.Test.csproj", "{CBC3D992-7707-4992-9277-A1545C4948AB}"
EndProject
Project("{2150E333-8FDC-42A3-9474-1A3956D46DE8}") = "Item Solutions", "Item Solutions", "{1887A539-C594-4AEA-ADFE-E22D186974E3}"
	ProjectSection(SolutionItems) = preProject
		Item Solutions\Boleto.Net.dll = Item Solutions\Boleto.Net.dll
		Item Solutions\evohtmltopdf.dll = Item Solutions\evohtmltopdf.dll
		Item Solutions\evointernal.dat = Item Solutions\evointernal.dat
		Item Solutions\Interop.Shell32.dll = Item Solutions\Interop.Shell32.dll
		Item Solutions\memcached.zip = Item Solutions\memcached.zip
	EndProjectSection
EndProject
Project("{FAE04EC0-301F-11D3-BF4B-00C04F79EFBC}") = "Common.Web", "Common.Web\Common.Web.csproj", "{53B9E2DC-150F-4E08-AFF2-C545BAAE4888}"
EndProject
Project("{FAE04EC0-301F-11D3-BF4B-00C04F79EFBC}") = "Common.Email", "Common.Email\Common.Email.csproj", "{A5DD8ABC-7479-4D73-AF9A-8B7612B28935}"
EndProject
Project("{FAE04EC0-301F-11D3-BF4B-00C04F79EFBC}") = "Common.Cripto", "Common.Cripto\Common.Cripto.csproj", "{9EE4E8CD-1009-41F9-B566-F096FEEEB7A5}"
EndProject
Project("{FAE04EC0-301F-11D3-BF4B-00C04F79EFBC}") = "Common.Sms", "Common.Sms\Common.Sms.csproj", "{DC74FAEA-D418-4280-8FE2-894366B5E8F8}"
EndProject
Project("{FAE04EC0-301F-11D3-BF4B-00C04F79EFBC}") = "Common.Agenda", "Common.Agenda\Common.Agenda.csproj", "{DE01E283-644B-4DE6-8388-D4591E5048E3}"
EndProject
Project("{FAE04EC0-301F-11D3-BF4B-00C04F79EFBC}") = "Common.ServiceLocator", "Common.ServiceLocator\Common.ServiceLocator.csproj", "{2025AD2D-BE15-4D29-B302-BED0356457C4}"
EndProject
Project("{FAE04EC0-301F-11D3-BF4B-00C04F79EFBC}") = "Common.Nfe", "Common.Nfe\Common.Nfe.csproj", "{5A7113D6-D681-40A6-BAC5-DBE2190B1A71}"
EndProject
Project("{FAE04EC0-301F-11D3-BF4B-00C04F79EFBC}") = "Common.Util", "Common.Util\Common.Util.csproj", "{20D272EB-44DD-474A-BCDC-DF8AE6093063}"
EndProject
Project("{FAE04EC0-301F-11D3-BF4B-00C04F79EFBC}") = "Common.Boleto", "Common.Boleto\Common.Boleto.csproj", "{715C313A-7B43-48D7-B974-7799BE869FC4}"
EndProject
Project("{2150E333-8FDC-42A3-9474-1A3956D46DE8}") = ".nuget", ".nuget", "{80BCBD85-9E02-42C5-9646-21CE357BA262}"
	ProjectSection(SolutionItems) = preProject
		.nuget\NuGet.Config = .nuget\NuGet.Config
		.nuget\NuGet.exe = .nuget\NuGet.exe
		.nuget\NuGet.targets = .nuget\NuGet.targets
	EndProjectSection
EndProject
Project("{FAE04EC0-301F-11D3-BF4B-00C04F79EFBC}") = "Common.Document", "Common.Document\Common.Document.csproj", "{836C020A-9EB7-4282-9905-5386C92F0556}"
EndProject
Project("{FAE04EC0-301F-11D3-BF4B-00C04F79EFBC}") = "Common.Government", "Common.Government\Common.Government.csproj", "{B10ED189-934E-4D64-BAD0-94E4890436C0}"
EndProject
Project("{FAE04EC0-301F-11D3-BF4B-00C04F79EFBC}") = "Common.ExtendedFileProperties", "Common.ExtendedFileProperties\Common.ExtendedFileProperties.csproj", "{C8C138F5-FC0F-44F4-8341-D4807B102C6A}"
EndProject
Project("{FAE04EC0-301F-11D3-BF4B-00C04F79EFBC}") = "Common.NoSql", "Common.NoSql\Common.NoSql.csproj", "{7C1A15AA-E727-4CC6-AE23-FEE0B8DF2710}"
EndProject
Project("{FAE04EC0-301F-11D3-BF4B-00C04F79EFBC}") = "Boleto.Net", "Boleto.Net\Boleto.Net.csproj", "{F173E80B-E36B-48AD-B483-A27F8CA86F3C}"
EndProject
Project("{FAE04EC0-301F-11D3-BF4B-00C04F79EFBC}") = "Common.Drawing", "Common.Drawing\Common.Drawing.csproj", "{DAB49FFC-4EAF-4FF6-84AF-DA1C63174600}"
EndProject
Project("{FAE04EC0-301F-11D3-BF4B-00C04F79EFBC}") = "Common.Deploy", "Common.Deploy\Common.Deploy.csproj", "{86256D3E-A374-421B-8E8C-15DBDB670A2B}"
EndProject
Project("{FAE04EC0-301F-11D3-BF4B-00C04F79EFBC}") = "Common.Queue", "Common.Queue\Common.Queue.csproj", "{7448319E-A343-4C2A-B961-B00BD9F02326}"
EndProject
Project("{2150E333-8FDC-42A3-9474-1A3956D46DE8}") = "All", "All", "{C095FB74-1517-4C2A-A6E8-CC1F45706850}"
EndProject
Project("{FAE04EC0-301F-11D3-BF4B-00C04F79EFBC}") = "Common.NoSql.Repository", "Common.NoSql.Repository\Common.NoSql.Repository.csproj", "{C4728C0D-7BDD-4F4A-A3E4-E49EDAEAD19F}"
EndProject
Project("{FAE04EC0-301F-11D3-BF4B-00C04F79EFBC}") = "Common.StorageManagement", "Common.StorageManagement\Common.StorageManagement.csproj", "{6498E995-C760-4920-8FF8-4A3EE3842D20}"
EndProject
Project("{FAE04EC0-301F-11D3-BF4B-00C04F79EFBC}") = "Common.StorageBase", "Common.StorageBase\Common.StorageBase.csproj", "{312546E3-A576-46F7-9BD4-25E7E11C35DB}"
EndProject
Project("{2150E333-8FDC-42A3-9474-1A3956D46DE8}") = "Templates", "Templates", "{D6908637-AE21-4BD5-BA6F-EDAAD8C99B2C}"
EndProject
Project("{2150E333-8FDC-42A3-9474-1A3956D46DE8}") = "Back", "Back", "{B741FF50-A6CD-4178-AD27-E8832327E03C}"
EndProject
Project("{2150E333-8FDC-42A3-9474-1A3956D46DE8}") = "Front", "Front", "{27803DD6-1CAB-4CD6-A3ED-EA545CDEB4CE}"
EndProject
Project("{2150E333-8FDC-42A3-9474-1A3956D46DE8}") = "V1 1.2 (Atual do Box)", "V1 1.2 (Atual do Box)", "{DB797C89-B078-4539-ABCC-8958CEE74B56}"
	ProjectSection(SolutionItems) = preProject
		..\..\Cna.ERP.Education.Backend-V2\Main\Cna.Erp.Gen\Templates\api = ..\..\Cna.ERP.Education.Backend-V2\Main\Cna.Erp.Gen\Templates\api
		..\..\Cna.ERP.Education.Backend-V2\Main\Cna.Erp.Gen\Templates\api.crud = ..\..\Cna.ERP.Education.Backend-V2\Main\Cna.Erp.Gen\Templates\api.crud
		..\..\Cna.ERP.Education.Backend-V2\Main\Cna.Erp.Gen\Templates\api.get = ..\..\Cna.ERP.Education.Backend-V2\Main\Cna.Erp.Gen\Templates\api.get
		..\..\Cna.ERP.Education.Backend-V2\Main\Cna.Erp.Gen\Templates\api.start = ..\..\Cna.ERP.Education.Backend-V2\Main\Cna.Erp.Gen\Templates\api.start
		..\..\Cna.ERP.Education.Backend-V2\Main\Cna.Erp.Gen\Templates\api.test = ..\..\Cna.ERP.Education.Backend-V2\Main\Cna.Erp.Gen\Templates\api.test
		..\..\Cna.ERP.Education.Backend-V2\Main\Cna.Erp.Gen\Templates\api.test.crud = ..\..\Cna.ERP.Education.Backend-V2\Main\Cna.Erp.Gen\Templates\api.test.crud
		..\..\Cna.ERP.Education.Backend-V2\Main\Cna.Erp.Gen\Templates\api.test.moqvalues = ..\..\Cna.ERP.Education.Backend-V2\Main\Cna.Erp.Gen\Templates\api.test.moqvalues
		..\..\Cna.ERP.Education.Backend-V2\Main\Cna.Erp.Gen\Templates\api.test.partial = ..\..\Cna.ERP.Education.Backend-V2\Main\Cna.Erp.Gen\Templates\api.test.partial
		..\..\Cna.ERP.Education.Backend-V2\Main\Cna.Erp.Gen\Templates\api.test.reletedvalues = ..\..\Cna.ERP.Education.Backend-V2\Main\Cna.Erp.Gen\Templates\api.test.reletedvalues
		..\..\Cna.ERP.Education.Backend-V2\Main\Cna.Erp.Gen\Templates\app = ..\..\Cna.ERP.Education.Backend-V2\Main\Cna.Erp.Gen\Templates\app
		..\..\Cna.ERP.Education.Backend-V2\Main\Cna.Erp.Gen\Templates\app.crud = ..\..\Cna.ERP.Education.Backend-V2\Main\Cna.Erp.Gen\Templates\app.crud
		..\..\Cna.ERP.Education.Backend-V2\Main\Cna.Erp.Gen\Templates\app.partial = ..\..\Cna.ERP.Education.Backend-V2\Main\Cna.Erp.Gen\Templates\app.partial
		..\..\Cna.ERP.Education.Backend-V2\Main\Cna.Erp.Gen\Templates\app.test = ..\..\Cna.ERP.Education.Backend-V2\Main\Cna.Erp.Gen\Templates\app.test
		..\..\Cna.ERP.Education.Backend-V2\Main\Cna.Erp.Gen\Templates\app.test.crud = ..\..\Cna.ERP.Education.Backend-V2\Main\Cna.Erp.Gen\Templates\app.test.crud
		..\..\Cna.ERP.Education.Backend-V2\Main\Cna.Erp.Gen\Templates\app.test.moq = ..\..\Cna.ERP.Education.Backend-V2\Main\Cna.Erp.Gen\Templates\app.test.moq
		..\..\Cna.ERP.Education.Backend-V2\Main\Cna.Erp.Gen\Templates\app.test.moq.partial = ..\..\Cna.ERP.Education.Backend-V2\Main\Cna.Erp.Gen\Templates\app.test.moq.partial
		..\..\Cna.ERP.Education.Backend-V2\Main\Cna.Erp.Gen\Templates\app.test.moqvalues = ..\..\Cna.ERP.Education.Backend-V2\Main\Cna.Erp.Gen\Templates\app.test.moqvalues
		..\..\Cna.ERP.Education.Backend-V2\Main\Cna.Erp.Gen\Templates\app.test.reletedvalues = ..\..\Cna.ERP.Education.Backend-V2\Main\Cna.Erp.Gen\Templates\app.test.reletedvalues
		..\..\Cna.ERP.Education.Backend-V2\Main\Cna.Erp.Gen\Templates\automapper = ..\..\Cna.ERP.Education.Backend-V2\Main\Cna.Erp.Gen\Templates\automapper
		..\..\Cna.ERP.Education.Backend-V2\Main\Cna.Erp.Gen\Templates\config.domain = ..\..\Cna.ERP.Education.Backend-V2\Main\Cna.Erp.Gen\Templates\config.domain
		..\..\Cna.ERP.Education.Backend-V2\Main\Cna.Erp.Gen\Templates\container = ..\..\Cna.ERP.Education.Backend-V2\Main\Cna.Erp.Gen\Templates\container
		..\..\Cna.ERP.Education.Backend-V2\Main\Cna.Erp.Gen\Templates\container.injections = ..\..\Cna.ERP.Education.Backend-V2\Main\Cna.Erp.Gen\Templates\container.injections
		..\..\Cna.ERP.Education.Backend-V2\Main\Cna.Erp.Gen\Templates\container.partial = ..\..\Cna.ERP.Education.Backend-V2\Main\Cna.Erp.Gen\Templates\container.partial
		..\..\Cna.ERP.Education.Backend-V2\Main\Cna.Erp.Gen\Templates\context = ..\..\Cna.ERP.Education.Backend-V2\Main\Cna.Erp.Gen\Templates\context
		..\..\Cna.ERP.Education.Backend-V2\Main\Cna.Erp.Gen\Templates\context.mappers = ..\..\Cna.ERP.Education.Backend-V2\Main\Cna.Erp.Gen\Templates\context.mappers
		..\..\Cna.ERP.Education.Backend-V2\Main\Cna.Erp.Gen\Templates\dto = ..\..\Cna.ERP.Education.Backend-V2\Main\Cna.Erp.Gen\Templates\dto
		..\..\Cna.ERP.Education.Backend-V2\Main\Cna.Erp.Gen\Templates\dto.nav.property.Collection = ..\..\Cna.ERP.Education.Backend-V2\Main\Cna.Erp.Gen\Templates\dto.nav.property.Collection
		..\..\Cna.ERP.Education.Backend-V2\Main\Cna.Erp.Gen\Templates\dto.nav.property.Instance = ..\..\Cna.ERP.Education.Backend-V2\Main\Cna.Erp.Gen\Templates\dto.nav.property.Instance
		..\..\Cna.ERP.Education.Backend-V2\Main\Cna.Erp.Gen\Templates\dto.specialized = ..\..\Cna.ERP.Education.Backend-V2\Main\Cna.Erp.Gen\Templates\dto.specialized
		..\..\Cna.ERP.Education.Backend-V2\Main\Cna.Erp.Gen\Templates\dto.specialized.details = ..\..\Cna.ERP.Education.Backend-V2\Main\Cna.Erp.Gen\Templates\dto.specialized.details
		..\..\Cna.ERP.Education.Backend-V2\Main\Cna.Erp.Gen\Templates\dto.specialized.report = ..\..\Cna.ERP.Education.Backend-V2\Main\Cna.Erp.Gen\Templates\dto.specialized.report
		..\..\Cna.ERP.Education.Backend-V2\Main\Cna.Erp.Gen\Templates\dto.specialized.result = ..\..\Cna.ERP.Education.Backend-V2\Main\Cna.Erp.Gen\Templates\dto.specialized.result
		..\..\Cna.ERP.Education.Backend-V2\Main\Cna.Erp.Gen\Templates\Filter = ..\..\Cna.ERP.Education.Backend-V2\Main\Cna.Erp.Gen\Templates\Filter
		..\..\Cna.ERP.Education.Backend-V2\Main\Cna.Erp.Gen\Templates\Filter.partial = ..\..\Cna.ERP.Education.Backend-V2\Main\Cna.Erp.Gen\Templates\Filter.partial
		..\..\Cna.ERP.Education.Backend-V2\Main\Cna.Erp.Gen\Templates\helper.validate.auth = ..\..\Cna.ERP.Education.Backend-V2\Main\Cna.Erp.Gen\Templates\helper.validate.auth
		..\..\Cna.ERP.Education.Backend-V2\Main\Cna.Erp.Gen\Templates\maps = ..\..\Cna.ERP.Education.Backend-V2\Main\Cna.Erp.Gen\Templates\maps
		..\..\Cna.ERP.Education.Backend-V2\Main\Cna.Erp.Gen\Templates\maps.compositekey = ..\..\Cna.ERP.Education.Backend-V2\Main\Cna.Erp.Gen\Templates\maps.compositekey
		..\..\Cna.ERP.Education.Backend-V2\Main\Cna.Erp.Gen\Templates\maps.length = ..\..\Cna.ERP.Education.Backend-V2\Main\Cna.Erp.Gen\Templates\maps.length
		..\..\Cna.ERP.Education.Backend-V2\Main\Cna.Erp.Gen\Templates\maps.manytomany = ..\..\Cna.ERP.Education.Backend-V2\Main\Cna.Erp.Gen\Templates\maps.manytomany
		..\..\Cna.ERP.Education.Backend-V2\Main\Cna.Erp.Gen\Templates\maps.mapper = ..\..\Cna.ERP.Education.Backend-V2\Main\Cna.Erp.Gen\Templates\maps.mapper
		..\..\Cna.ERP.Education.Backend-V2\Main\Cna.Erp.Gen\Templates\maps.onetomany = ..\..\Cna.ERP.Education.Backend-V2\Main\Cna.Erp.Gen\Templates\maps.onetomany
		..\..\Cna.ERP.Education.Backend-V2\Main\Cna.Erp.Gen\Templates\maps.OneToOne = ..\..\Cna.ERP.Education.Backend-V2\Main\Cna.Erp.Gen\Templates\maps.OneToOne
		..\..\Cna.ERP.Education.Backend-V2\Main\Cna.Erp.Gen\Templates\maps.partial = ..\..\Cna.ERP.Education.Backend-V2\Main\Cna.Erp.Gen\Templates\maps.partial
		..\..\Cna.ERP.Education.Backend-V2\Main\Cna.Erp.Gen\Templates\maps.required = ..\..\Cna.ERP.Education.Backend-V2\Main\Cna.Erp.Gen\Templates\maps.required
		..\..\Cna.ERP.Education.Backend-V2\Main\Cna.Erp.Gen\Templates\models = ..\..\Cna.ERP.Education.Backend-V2\Main\Cna.Erp.Gen\Templates\models
		..\..\Cna.ERP.Education.Backend-V2\Main\Cna.Erp.Gen\Templates\models .property.custom = ..\..\Cna.ERP.Education.Backend-V2\Main\Cna.Erp.Gen\Templates\models .property.custom
		..\..\Cna.ERP.Education.Backend-V2\Main\Cna.Erp.Gen\Templates\models.audit = ..\..\Cna.ERP.Education.Backend-V2\Main\Cna.Erp.Gen\Templates\models.audit
		..\..\Cna.ERP.Education.Backend-V2\Main\Cna.Erp.Gen\Templates\models.audit.call = ..\..\Cna.ERP.Education.Backend-V2\Main\Cna.Erp.Gen\Templates\models.audit.call
		..\..\Cna.ERP.Education.Backend-V2\Main\Cna.Erp.Gen\Templates\models.crud = ..\..\Cna.ERP.Education.Backend-V2\Main\Cna.Erp.Gen\Templates\models.crud
		..\..\Cna.ERP.Education.Backend-V2\Main\Cna.Erp.Gen\Templates\models.custom = ..\..\Cna.ERP.Education.Backend-V2\Main\Cna.Erp.Gen\Templates\models.custom
		..\..\Cna.ERP.Education.Backend-V2\Main\Cna.Erp.Gen\Templates\models.filters.expression = ..\..\Cna.ERP.Education.Backend-V2\Main\Cna.Erp.Gen\Templates\models.filters.expression
		..\..\Cna.ERP.Education.Backend-V2\Main\Cna.Erp.Gen\Templates\models.nav.property.Collection = ..\..\Cna.ERP.Education.Backend-V2\Main\Cna.Erp.Gen\Templates\models.nav.property.Collection
		..\..\Cna.ERP.Education.Backend-V2\Main\Cna.Erp.Gen\Templates\models.nav.property.Instance = ..\..\Cna.ERP.Education.Backend-V2\Main\Cna.Erp.Gen\Templates\models.nav.property.Instance
		..\..\Cna.ERP.Education.Backend-V2\Main\Cna.Erp.Gen\Templates\models.partial = ..\..\Cna.ERP.Education.Backend-V2\Main\Cna.Erp.Gen\Templates\models.partial
		..\..\Cna.ERP.Education.Backend-V2\Main\Cna.Erp.Gen\Templates\models.partial.crud = ..\..\Cna.ERP.Education.Backend-V2\Main\Cna.Erp.Gen\Templates\models.partial.crud
		..\..\Cna.ERP.Education.Backend-V2\Main\Cna.Erp.Gen\Templates\models.partial.validation = ..\..\Cna.ERP.Education.Backend-V2\Main\Cna.Erp.Gen\Templates\models.partial.validation
		..\..\Cna.ERP.Education.Backend-V2\Main\Cna.Erp.Gen\Templates\models.property = ..\..\Cna.ERP.Education.Backend-V2\Main\Cna.Erp.Gen\Templates\models.property
		..\..\Cna.ERP.Education.Backend-V2\Main\Cna.Erp.Gen\Templates\models.validation = ..\..\Cna.ERP.Education.Backend-V2\Main\Cna.Erp.Gen\Templates\models.validation
		..\..\Cna.ERP.Education.Backend-V2\Main\Cna.Erp.Gen\Templates\models.validation.length = ..\..\Cna.ERP.Education.Backend-V2\Main\Cna.Erp.Gen\Templates\models.validation.length
		..\..\Cna.ERP.Education.Backend-V2\Main\Cna.Erp.Gen\Templates\models.validation.property = ..\..\Cna.ERP.Education.Backend-V2\Main\Cna.Erp.Gen\Templates\models.validation.property
		..\..\Cna.ERP.Education.Backend-V2\Main\Cna.Erp.Gen\Templates\models.validation.required = ..\..\Cna.ERP.Education.Backend-V2\Main\Cna.Erp.Gen\Templates\models.validation.required
		..\..\Cna.ERP.Education.Backend-V2\Main\Cna.Erp.Gen\Templates\precompiledview.basic = ..\..\Cna.ERP.Education.Backend-V2\Main\Cna.Erp.Gen\Templates\precompiledview.basic
		..\..\Cna.ERP.Education.Backend-V2\Main\Cna.Erp.Gen\Templates\precompiledview.conditional = ..\..\Cna.ERP.Education.Backend-V2\Main\Cna.Erp.Gen\Templates\precompiledview.conditional
		..\..\Cna.ERP.Education.Backend-V2\Main\Cna.Erp.Gen\Templates\precompiledview.main = ..\..\Cna.ERP.Education.Backend-V2\Main\Cna.Erp.Gen\Templates\precompiledview.main
		..\..\Cna.ERP.Education.Backend-V2\Main\Cna.Erp.Gen\Templates\precompiledview.view = ..\..\Cna.ERP.Education.Backend-V2\Main\Cna.Erp.Gen\Templates\precompiledview.view
		..\..\Cna.ERP.Education.Backend-V2\Main\Cna.Erp.Gen\Templates\profile = ..\..\Cna.ERP.Education.Backend-V2\Main\Cna.Erp.Gen\Templates\profile
		..\..\Cna.ERP.Education.Backend-V2\Main\Cna.Erp.Gen\Templates\profile.registers = ..\..\Cna.ERP.Education.Backend-V2\Main\Cna.Erp.Gen\Templates\profile.registers
	EndProjectSection
EndProject
Project("{2150E333-8FDC-42A3-9474-1A3956D46DE8}") = "V1 1.1", "V1 1.1", "{E4018D8D-6247-408F-A375-DCEC4A66B53C}"
	ProjectSection(SolutionItems) = preProject
		Templates\Back\V1 1.1\api = Templates\Back\V1 1.1\api
		Templates\Back\V1 1.1\api.crud = Templates\Back\V1 1.1\api.crud
		Templates\Back\V1 1.1\api.get = Templates\Back\V1 1.1\api.get
		Templates\Back\V1 1.1\api.start = Templates\Back\V1 1.1\api.start
		Templates\Back\V1 1.1\api.test = Templates\Back\V1 1.1\api.test
		Templates\Back\V1 1.1\api.test.crud = Templates\Back\V1 1.1\api.test.crud
		Templates\Back\V1 1.1\api.test.moqvalues = Templates\Back\V1 1.1\api.test.moqvalues
		Templates\Back\V1 1.1\api.test.partial = Templates\Back\V1 1.1\api.test.partial
		Templates\Back\V1 1.1\api.test.reletedvalues = Templates\Back\V1 1.1\api.test.reletedvalues
		Templates\Back\V1 1.1\app = Templates\Back\V1 1.1\app
		Templates\Back\V1 1.1\app.crud = Templates\Back\V1 1.1\app.crud
		Templates\Back\V1 1.1\app.partial = Templates\Back\V1 1.1\app.partial
		Templates\Back\V1 1.1\app.test = Templates\Back\V1 1.1\app.test
		Templates\Back\V1 1.1\app.test.crud = Templates\Back\V1 1.1\app.test.crud
		Templates\Back\V1 1.1\app.test.moq = Templates\Back\V1 1.1\app.test.moq
		Templates\Back\V1 1.1\app.test.moq.partial = Templates\Back\V1 1.1\app.test.moq.partial
		Templates\Back\V1 1.1\app.test.moqvalues = Templates\Back\V1 1.1\app.test.moqvalues
		Templates\Back\V1 1.1\app.test.reletedvalues = Templates\Back\V1 1.1\app.test.reletedvalues
		Templates\Back\V1 1.1\automapper = Templates\Back\V1 1.1\automapper
		Templates\Back\V1 1.1\config.domain = Templates\Back\V1 1.1\config.domain
		Templates\Back\V1 1.1\container = Templates\Back\V1 1.1\container
		Templates\Back\V1 1.1\container.injections = Templates\Back\V1 1.1\container.injections
		Templates\Back\V1 1.1\container.partial = Templates\Back\V1 1.1\container.partial
		Templates\Back\V1 1.1\context = Templates\Back\V1 1.1\context
		Templates\Back\V1 1.1\context.mappers = Templates\Back\V1 1.1\context.mappers
		Templates\Back\V1 1.1\dto = Templates\Back\V1 1.1\dto
		Templates\Back\V1 1.1\dto.nav.property.Collection = Templates\Back\V1 1.1\dto.nav.property.Collection
		Templates\Back\V1 1.1\dto.nav.property.Instance = Templates\Back\V1 1.1\dto.nav.property.Instance
		Templates\Back\V1 1.1\dto.specialized = Templates\Back\V1 1.1\dto.specialized
		Templates\Back\V1 1.1\dto.specialized.details = Templates\Back\V1 1.1\dto.specialized.details
		Templates\Back\V1 1.1\dto.specialized.report = Templates\Back\V1 1.1\dto.specialized.report
		Templates\Back\V1 1.1\dto.specialized.result = Templates\Back\V1 1.1\dto.specialized.result
		Templates\Back\V1 1.1\Filter = Templates\Back\V1 1.1\Filter
		Templates\Back\V1 1.1\Filter.partial = Templates\Back\V1 1.1\Filter.partial
		Templates\Back\V1 1.1\maps = Templates\Back\V1 1.1\maps
		Templates\Back\V1 1.1\maps.compositekey = Templates\Back\V1 1.1\maps.compositekey
		Templates\Back\V1 1.1\maps.length = Templates\Back\V1 1.1\maps.length
		Templates\Back\V1 1.1\maps.manytomany = Templates\Back\V1 1.1\maps.manytomany
		Templates\Back\V1 1.1\maps.mapper = Templates\Back\V1 1.1\maps.mapper
		Templates\Back\V1 1.1\maps.onetomany = Templates\Back\V1 1.1\maps.onetomany
		Templates\Back\V1 1.1\maps.OneToOne = Templates\Back\V1 1.1\maps.OneToOne
		Templates\Back\V1 1.1\maps.partial = Templates\Back\V1 1.1\maps.partial
		Templates\Back\V1 1.1\maps.required = Templates\Back\V1 1.1\maps.required
		Templates\Back\V1 1.1\models = Templates\Back\V1 1.1\models
		Templates\Back\V1 1.1\models .property.custom = Templates\Back\V1 1.1\models .property.custom
		Templates\Back\V1 1.1\models.audit = Templates\Back\V1 1.1\models.audit
		Templates\Back\V1 1.1\models.audit.call = Templates\Back\V1 1.1\models.audit.call
		Templates\Back\V1 1.1\models.crud = Templates\Back\V1 1.1\models.crud
		Templates\Back\V1 1.1\models.custom = Templates\Back\V1 1.1\models.custom
		Templates\Back\V1 1.1\models.filters.expression = Templates\Back\V1 1.1\models.filters.expression
		Templates\Back\V1 1.1\models.nav.property.Collection = Templates\Back\V1 1.1\models.nav.property.Collection
		Templates\Back\V1 1.1\models.nav.property.Instance = Templates\Back\V1 1.1\models.nav.property.Instance
		Templates\Back\V1 1.1\models.partial = Templates\Back\V1 1.1\models.partial
		Templates\Back\V1 1.1\models.partial.crud = Templates\Back\V1 1.1\models.partial.crud
		Templates\Back\V1 1.1\models.partial.validation = Templates\Back\V1 1.1\models.partial.validation
		Templates\Back\V1 1.1\models.property = Templates\Back\V1 1.1\models.property
		Templates\Back\V1 1.1\models.validation = Templates\Back\V1 1.1\models.validation
		Templates\Back\V1 1.1\models.validation.length = Templates\Back\V1 1.1\models.validation.length
		Templates\Back\V1 1.1\models.validation.property = Templates\Back\V1 1.1\models.validation.property
		Templates\Back\V1 1.1\models.validation.required = Templates\Back\V1 1.1\models.validation.required
		Templates\Back\V1 1.1\precompiledview.conditional = Templates\Back\V1 1.1\precompiledview.conditional
		Templates\Back\V1 1.1\precompiledview.main = Templates\Back\V1 1.1\precompiledview.main
		Templates\Back\V1 1.1\precompiledview.view = Templates\Back\V1 1.1\precompiledview.view
		Templates\Back\V1 1.1\profile = Templates\Back\V1 1.1\profile
		Templates\Back\V1 1.1\profile.registers = Templates\Back\V1 1.1\profile.registers
		Templates\Back\V1 1.1\profile.registers.specilize = Templates\Back\V1 1.1\profile.registers.specilize
		Templates\Back\V1 1.1\profile.registers.specilize.details = Templates\Back\V1 1.1\profile.registers.specilize.details
		Templates\Back\V1 1.1\profile.registers.specilize.report = Templates\Back\V1 1.1\profile.registers.specilize.report
		Templates\Back\V1 1.1\profile.registers.specilize.result = Templates\Back\V1 1.1\profile.registers.specilize.result
		Templates\Back\V1 1.1\Uri = Templates\Back\V1 1.1\Uri
	EndProjectSection
EndProject
Project("{2150E333-8FDC-42A3-9474-1A3956D46DE8}") = "V1 1.0", "V1 1.0", "{83108B37-C752-42C5-8DB7-9E00B69C6E25}"
	ProjectSection(SolutionItems) = preProject
		Templates\Back\V1 1.0\api = Templates\Back\V1 1.0\api
		Templates\Back\V1 1.0\api.crud = Templates\Back\V1 1.0\api.crud
		Templates\Back\V1 1.0\api.get = Templates\Back\V1 1.0\api.get
		Templates\Back\V1 1.0\api.start = Templates\Back\V1 1.0\api.start
		Templates\Back\V1 1.0\api.test = Templates\Back\V1 1.0\api.test
		Templates\Back\V1 1.0\api.test.crud = Templates\Back\V1 1.0\api.test.crud
		Templates\Back\V1 1.0\api.test.moqvalues = Templates\Back\V1 1.0\api.test.moqvalues
		Templates\Back\V1 1.0\api.test.partial = Templates\Back\V1 1.0\api.test.partial
		Templates\Back\V1 1.0\api.test.reletedvalues = Templates\Back\V1 1.0\api.test.reletedvalues
		Templates\Back\V1 1.0\app = Templates\Back\V1 1.0\app
		Templates\Back\V1 1.0\app.crud = Templates\Back\V1 1.0\app.crud
		Templates\Back\V1 1.0\app.partial = Templates\Back\V1 1.0\app.partial
		Templates\Back\V1 1.0\app.test = Templates\Back\V1 1.0\app.test
		Templates\Back\V1 1.0\app.test.crud = Templates\Back\V1 1.0\app.test.crud
		Templates\Back\V1 1.0\app.test.moq = Templates\Back\V1 1.0\app.test.moq
		Templates\Back\V1 1.0\app.test.moq.partial = Templates\Back\V1 1.0\app.test.moq.partial
		Templates\Back\V1 1.0\app.test.moqvalues = Templates\Back\V1 1.0\app.test.moqvalues
		Templates\Back\V1 1.0\app.test.reletedvalues = Templates\Back\V1 1.0\app.test.reletedvalues
		Templates\Back\V1 1.0\automapper = Templates\Back\V1 1.0\automapper
		Templates\Back\V1 1.0\container = Templates\Back\V1 1.0\container
		Templates\Back\V1 1.0\container.injections = Templates\Back\V1 1.0\container.injections
		Templates\Back\V1 1.0\container.partial = Templates\Back\V1 1.0\container.partial
		Templates\Back\V1 1.0\context = Templates\Back\V1 1.0\context
		Templates\Back\V1 1.0\context.mappers = Templates\Back\V1 1.0\context.mappers
		Templates\Back\V1 1.0\dto = Templates\Back\V1 1.0\dto
		Templates\Back\V1 1.0\dto.nav.property.Collection = Templates\Back\V1 1.0\dto.nav.property.Collection
		Templates\Back\V1 1.0\dto.nav.property.Instance = Templates\Back\V1 1.0\dto.nav.property.Instance
		Templates\Back\V1 1.0\dto.specialized = Templates\Back\V1 1.0\dto.specialized
		Templates\Back\V1 1.0\dto.specialized.details = Templates\Back\V1 1.0\dto.specialized.details
		Templates\Back\V1 1.0\dto.specialized.report = Templates\Back\V1 1.0\dto.specialized.report
		Templates\Back\V1 1.0\dto.specialized.result = Templates\Back\V1 1.0\dto.specialized.result
		Templates\Back\V1 1.0\Filter = Templates\Back\V1 1.0\Filter
		Templates\Back\V1 1.0\Filter.partial = Templates\Back\V1 1.0\Filter.partial
		Templates\Back\V1 1.0\maps = Templates\Back\V1 1.0\maps
		Templates\Back\V1 1.0\maps.compositekey = Templates\Back\V1 1.0\maps.compositekey
		Templates\Back\V1 1.0\maps.length = Templates\Back\V1 1.0\maps.length
		Templates\Back\V1 1.0\maps.manytomany = Templates\Back\V1 1.0\maps.manytomany
		Templates\Back\V1 1.0\maps.mapper = Templates\Back\V1 1.0\maps.mapper
		Templates\Back\V1 1.0\maps.onetomany = Templates\Back\V1 1.0\maps.onetomany
		Templates\Back\V1 1.0\maps.OneToOne = Templates\Back\V1 1.0\maps.OneToOne
		Templates\Back\V1 1.0\maps.partial = Templates\Back\V1 1.0\maps.partial
		Templates\Back\V1 1.0\maps.required = Templates\Back\V1 1.0\maps.required
		Templates\Back\V1 1.0\models = Templates\Back\V1 1.0\models
		Templates\Back\V1 1.0\models .property.custom = Templates\Back\V1 1.0\models .property.custom
		Templates\Back\V1 1.0\models.audit = Templates\Back\V1 1.0\models.audit
		Templates\Back\V1 1.0\models.audit.call = Templates\Back\V1 1.0\models.audit.call
		Templates\Back\V1 1.0\models.crud = Templates\Back\V1 1.0\models.crud
		Templates\Back\V1 1.0\models.custom = Templates\Back\V1 1.0\models.custom
		Templates\Back\V1 1.0\models.filters.expression = Templates\Back\V1 1.0\models.filters.expression
		Templates\Back\V1 1.0\models.nav.property.Collection = Templates\Back\V1 1.0\models.nav.property.Collection
		Templates\Back\V1 1.0\models.nav.property.Instance = Templates\Back\V1 1.0\models.nav.property.Instance
		Templates\Back\V1 1.0\models.partial = Templates\Back\V1 1.0\models.partial
		Templates\Back\V1 1.0\models.partial.crud = Templates\Back\V1 1.0\models.partial.crud
		Templates\Back\V1 1.0\models.partial.validation = Templates\Back\V1 1.0\models.partial.validation
		Templates\Back\V1 1.0\models.property = Templates\Back\V1 1.0\models.property
		Templates\Back\V1 1.0\models.validation = Templates\Back\V1 1.0\models.validation
		Templates\Back\V1 1.0\models.validation.length = Templates\Back\V1 1.0\models.validation.length
		Templates\Back\V1 1.0\models.validation.property = Templates\Back\V1 1.0\models.validation.property
		Templates\Back\V1 1.0\models.validation.required = Templates\Back\V1 1.0\models.validation.required
		Templates\Back\V1 1.0\precompiledview.conditional = Templates\Back\V1 1.0\precompiledview.conditional
		Templates\Back\V1 1.0\precompiledview.main = Templates\Back\V1 1.0\precompiledview.main
		Templates\Back\V1 1.0\precompiledview.view = Templates\Back\V1 1.0\precompiledview.view
		Templates\Back\V1 1.0\profile = Templates\Back\V1 1.0\profile
		Templates\Back\V1 1.0\profile.registers = Templates\Back\V1 1.0\profile.registers
		Templates\Back\V1 1.0\profile.registers.specilize = Templates\Back\V1 1.0\profile.registers.specilize
		Templates\Back\V1 1.0\profile.registers.specilize.details = Templates\Back\V1 1.0\profile.registers.specilize.details
		Templates\Back\V1 1.0\profile.registers.specilize.report = Templates\Back\V1 1.0\profile.registers.specilize.report
		Templates\Back\V1 1.0\profile.registers.specilize.result = Templates\Back\V1 1.0\profile.registers.specilize.result
		Templates\Back\V1 1.0\Uri = Templates\Back\V1 1.0\Uri
	EndProjectSection
EndProject
Project("{2150E333-8FDC-42A3-9474-1A3956D46DE8}") = "V 2 0.0", "V 2 0.0", "{8A764834-942B-4DFF-B5B2-FE11E66A7661}"
	ProjectSection(SolutionItems) = preProject
		Templates\Back\V 2 0.0\api = Templates\Back\V 2 0.0\api
		Templates\Back\V 2 0.0\api.currentUser = Templates\Back\V 2 0.0\api.currentUser
		Templates\Back\V 2 0.0\api.get = Templates\Back\V 2 0.0\api.get
		Templates\Back\V 2 0.0\api.more = Templates\Back\V 2 0.0\api.more
		Templates\Back\V 2 0.0\api.start = Templates\Back\V 2 0.0\api.start
		Templates\Back\V 2 0.0\appsettings.json = Templates\Back\V 2 0.0\appsettings.json
		Templates\Back\V 2 0.0\automapper = Templates\Back\V 2 0.0\automapper
		Templates\Back\V 2 0.0\ConfigSettingsDomain = Templates\Back\V 2 0.0\ConfigSettingsDomain
		Templates\Back\V 2 0.0\container = Templates\Back\V 2 0.0\container
		Templates\Back\V 2 0.0\container.injections = Templates\Back\V 2 0.0\container.injections
		Templates\Back\V 2 0.0\container.partial = Templates\Back\V 2 0.0\container.partial
		Templates\Back\V 2 0.0\Context = Templates\Back\V 2 0.0\Context
		Templates\Back\V 2 0.0\context.mappers = Templates\Back\V 2 0.0\context.mappers
		Templates\Back\V 2 0.0\dto = Templates\Back\V 2 0.0\dto
		Templates\Back\V 2 0.0\dto.nav.property.Collection = Templates\Back\V 2 0.0\dto.nav.property.Collection
		Templates\Back\V 2 0.0\dto.nav.property.Instance = Templates\Back\V 2 0.0\dto.nav.property.Instance
		Templates\Back\V 2 0.0\dto.specialized = Templates\Back\V 2 0.0\dto.specialized
		Templates\Back\V 2 0.0\dto.specialized.details = Templates\Back\V 2 0.0\dto.specialized.details
		Templates\Back\V 2 0.0\dto.specialized.report = Templates\Back\V 2 0.0\dto.specialized.report
		Templates\Back\V 2 0.0\dto.specialized.result = Templates\Back\V 2 0.0\dto.specialized.result
		Templates\Back\V 2 0.0\EntityApplicationService = Templates\Back\V 2 0.0\EntityApplicationService
		Templates\Back\V 2 0.0\EntityApplicationServiceBase = Templates\Back\V 2 0.0\EntityApplicationServiceBase
		Templates\Back\V 2 0.0\EntityBase = Templates\Back\V 2 0.0\EntityBase
		Templates\Back\V 2 0.0\EntityExt = Templates\Back\V 2 0.0\EntityExt
		Templates\Back\V 2 0.0\EntityFilterBasicExtension = Templates\Back\V 2 0.0\EntityFilterBasicExtension
		Templates\Back\V 2 0.0\EntityFilterCustomExtension = Templates\Back\V 2 0.0\EntityFilterCustomExtension
		Templates\Back\V 2 0.0\EntityMapBase = Templates\Back\V 2 0.0\EntityMapBase
		Templates\Back\V 2 0.0\EntityMapExt = Templates\Back\V 2 0.0\EntityMapExt
		Templates\Back\V 2 0.0\EntityMethodSeters = Templates\Back\V 2 0.0\EntityMethodSeters
		Templates\Back\V 2 0.0\EntityPropertys = Templates\Back\V 2 0.0\EntityPropertys
		Templates\Back\V 2 0.0\EntityRepository = Templates\Back\V 2 0.0\EntityRepository
		Templates\Back\V 2 0.0\EntityServiceBase = Templates\Back\V 2 0.0\EntityServiceBase
		Templates\Back\V 2 0.0\EntityServiceExt = Templates\Back\V 2 0.0\EntityServiceExt
		Templates\Back\V 2 0.0\EntityValidatorSpecification = Templates\Back\V 2 0.0\EntityValidatorSpecification
		Templates\Back\V 2 0.0\EntityValidatorSpecificationRepository = Templates\Back\V 2 0.0\EntityValidatorSpecificationRepository
		Templates\Back\V 2 0.0\Filter = Templates\Back\V 2 0.0\Filter
		Templates\Back\V 2 0.0\Filter.partial = Templates\Back\V 2 0.0\Filter.partial
		Templates\Back\V 2 0.0\FilterBasicExtension = Templates\Back\V 2 0.0\FilterBasicExtension
		Templates\Back\V 2 0.0\IEntityApplicationService = Templates\Back\V 2 0.0\IEntityApplicationService
		Templates\Back\V 2 0.0\IEntityRepository = Templates\Back\V 2 0.0\IEntityRepository
		Templates\Back\V 2 0.0\IEntityService = Templates\Back\V 2 0.0\IEntityService
		Templates\Back\V 2 0.0\maps.compositekey = Templates\Back\V 2 0.0\maps.compositekey
		Templates\Back\V 2 0.0\maps.length = Templates\Back\V 2 0.0\maps.length
		Templates\Back\V 2 0.0\maps.manytomany = Templates\Back\V 2 0.0\maps.manytomany
		Templates\Back\V 2 0.0\maps.mapper = Templates\Back\V 2 0.0\maps.mapper
		Templates\Back\V 2 0.0\maps.onetomany = Templates\Back\V 2 0.0\maps.onetomany
		Templates\Back\V 2 0.0\maps.OneToOne = Templates\Back\V 2 0.0\maps.OneToOne
		Templates\Back\V 2 0.0\maps.required = Templates\Back\V 2 0.0\maps.required
		Templates\Back\V 2 0.0\models.property = Templates\Back\V 2 0.0\models.property
		Templates\Back\V 2 0.0\models.validation.length = Templates\Back\V 2 0.0\models.validation.length
		Templates\Back\V 2 0.0\models.validation.property = Templates\Back\V 2 0.0\models.validation.property
		Templates\Back\V 2 0.0\models.validation.required = Templates\Back\V 2 0.0\models.validation.required
		Templates\Back\V 2 0.0\profile = Templates\Back\V 2 0.0\profile
		Templates\Back\V 2 0.0\profile.registers = Templates\Back\V 2 0.0\profile.registers
		Templates\Back\V 2 0.0\profile.registers.specilize = Templates\Back\V 2 0.0\profile.registers.specilize
		Templates\Back\V 2 0.0\profile.registers.specilize.details = Templates\Back\V 2 0.0\profile.registers.specilize.details
		Templates\Back\V 2 0.0\profile.registers.specilize.report = Templates\Back\V 2 0.0\profile.registers.specilize.report
		Templates\Back\V 2 0.0\profile.registers.specilize.result = Templates\Back\V 2 0.0\profile.registers.specilize.result
		Templates\Back\V 2 0.0\profileCustom = Templates\Back\V 2 0.0\profileCustom
		Templates\Back\V 2 0.0\summary = Templates\Back\V 2 0.0\summary
	EndProjectSection
EndProject
Project("{2150E333-8FDC-42A3-9474-1A3956D46DE8}") = "base", "base", "{633C9EC0-FFED-4360-A1BD-A3528DE7B6E2}"
	ProjectSection(SolutionItems) = preProject
		Templates\Back\V1 1.2\base\models = Templates\Back\V1 1.2\base\models
		Templates\Back\V1 1.2\base\models.crud = Templates\Back\V1 1.2\base\models.crud
		Templates\Back\V1 1.2\base\models.partial = Templates\Back\V1 1.2\base\models.partial
		Templates\Back\V1 1.2\base\models.partial.crud = Templates\Back\V1 1.2\base\models.partial.crud
	EndProjectSection
EndProject
Project("{2150E333-8FDC-42A3-9474-1A3956D46DE8}") = "inherit", "inherit", "{394A0FCD-F8BC-41EF-ACE4-004928E09244}"
	ProjectSection(SolutionItems) = preProject
		Templates\Back\V1 1.2\inherit\api = Templates\Back\V1 1.2\inherit\api
		Templates\Back\V1 1.2\inherit\api.start = Templates\Back\V1 1.2\inherit\api.start
		Templates\Back\V1 1.2\inherit\app = Templates\Back\V1 1.2\inherit\app
		Templates\Back\V1 1.2\inherit\app.partial = Templates\Back\V1 1.2\inherit\app.partial
		Templates\Back\V1 1.2\inherit\container = Templates\Back\V1 1.2\inherit\container
		Templates\Back\V1 1.2\inherit\context = Templates\Back\V1 1.2\inherit\context
		Templates\Back\V1 1.2\inherit\dto = Templates\Back\V1 1.2\inherit\dto
		Templates\Back\V1 1.2\inherit\dto.specialized = Templates\Back\V1 1.2\inherit\dto.specialized
		Templates\Back\V1 1.2\inherit\dto.specialized.details = Templates\Back\V1 1.2\inherit\dto.specialized.details
		Templates\Back\V1 1.2\inherit\dto.specialized.report = Templates\Back\V1 1.2\inherit\dto.specialized.report
		Templates\Back\V1 1.2\inherit\dto.specialized.result = Templates\Back\V1 1.2\inherit\dto.specialized.result
		Templates\Back\V1 1.2\inherit\Filter.partial = Templates\Back\V1 1.2\inherit\Filter.partial
		Templates\Back\V1 1.2\inherit\maps = Templates\Back\V1 1.2\inherit\maps
		Templates\Back\V1 1.2\inherit\maps.partial = Templates\Back\V1 1.2\inherit\maps.partial
		Templates\Back\V1 1.2\inherit\models.customfilters = Templates\Back\V1 1.2\inherit\models.customfilters
		Templates\Back\V1 1.2\inherit\models.partial = Templates\Back\V1 1.2\inherit\models.partial
		Templates\Back\V1 1.2\inherit\models.partial.min = Templates\Back\V1 1.2\inherit\models.partial.min
		Templates\Back\V1 1.2\inherit\models.simplefilters = Templates\Back\V1 1.2\inherit\models.simplefilters
		Templates\Back\V1 1.2\inherit\profile = Templates\Back\V1 1.2\inherit\profile
		Templates\Back\V1 1.2\inherit\Uri = Templates\Back\V1 1.2\inherit\Uri
	EndProjectSection
EndProject
Project("{2150E333-8FDC-42A3-9474-1A3956D46DE8}") = "withoutgets", "withoutgets", "{6D4EFBC8-1711-42C9-A14A-AB9623538AB6}"
	ProjectSection(SolutionItems) = preProject
		Templates\Back\V1 1.2\withoutgets\api.crud = Templates\Back\V1 1.2\withoutgets\api.crud
		Templates\Back\V1 1.2\withoutgets\api.withoutgets = Templates\Back\V1 1.2\withoutgets\api.withoutgets
		Templates\Back\V1 1.2\withoutgets\app = Templates\Back\V1 1.2\withoutgets\app
		Templates\Back\V1 1.2\withoutgets\app.crud = Templates\Back\V1 1.2\withoutgets\app.crud
		Templates\Back\V1 1.2\withoutgets\models = Templates\Back\V1 1.2\withoutgets\models
		Templates\Back\V1 1.2\withoutgets\models.crud = Templates\Back\V1 1.2\withoutgets\models.crud
		Templates\Back\V1 1.2\withoutgets\Uri = Templates\Back\V1 1.2\withoutgets\Uri
	EndProjectSection
EndProject
Project("{2150E333-8FDC-42A3-9474-1A3956D46DE8}") = "V1 X.X", "V1 X.X", "{B9687B77-9A4F-423F-B3F1-2A9492DF31B6}"
	ProjectSection(SolutionItems) = preProject
		Templates\Front\V1 X.X\controller = Templates\Front\V1 X.X\controller
		Templates\Front\V1 X.X\controller.custom = Templates\Front\V1 X.X\controller.custom
		Templates\Front\V1 X.X\filter = Templates\Front\V1 X.X\filter
		Templates\Front\V1 X.X\form = Templates\Front\V1 X.X\form
		Templates\Front\V1 X.X\modal = Templates\Front\V1 X.X\modal
		Templates\Front\V1 X.X\routes = Templates\Front\V1 X.X\routes
		Templates\Front\V1 X.X\routes.item = Templates\Front\V1 X.X\routes.item
		Templates\Front\V1 X.X\table.body = Templates\Front\V1 X.X\table.body
		Templates\Front\V1 X.X\table.head = Templates\Front\V1 X.X\table.head
		Templates\Front\V1 X.X\view = Templates\Front\V1 X.X\view
	EndProjectSection
EndProject
Project("{2150E333-8FDC-42A3-9474-1A3956D46DE8}") = "V2 0.0", "V2 0.0", "{A01C18AF-2E29-4F66-B08D-21BD8D426FC3}"
	ProjectSection(SolutionItems) = preProject
		Templates\Front\V2 0.0\_breadcrumb = Templates\Front\V2 0.0\_breadcrumb
		Templates\Front\V2 0.0\_exclusao.modal = Templates\Front\V2 0.0\_exclusao.modal
		Templates\Front\V2 0.0\_execute.modal = Templates\Front\V2 0.0\_execute.modal
		Templates\Front\V2 0.0\_header = Templates\Front\V2 0.0\_header
		Templates\Front\V2 0.0\_menu = Templates\Front\V2 0.0\_menu
		Templates\Front\V2 0.0\_unauthorized = Templates\Front\V2 0.0\_unauthorized
		Templates\Front\V2 0.0\account.services = Templates\Front\V2 0.0\account.services
		Templates\Front\V2 0.0\app = Templates\Front\V2 0.0\app
		Templates\Front\V2 0.0\constants = Templates\Front\V2 0.0\constants
		Templates\Front\V2 0.0\controller = Templates\Front\V2 0.0\controller
		Templates\Front\V2 0.0\controller.custom = Templates\Front\V2 0.0\controller.custom
		Templates\Front\V2 0.0\create = Templates\Front\V2 0.0\create
		Templates\Front\V2 0.0\details = Templates\Front\V2 0.0\details
		Templates\Front\V2 0.0\details.section = Templates\Front\V2 0.0\details.section
		Templates\Front\V2 0.0\edit = Templates\Front\V2 0.0\edit
		Templates\Front\V2 0.0\filter = Templates\Front\V2 0.0\filter
		Templates\Front\V2 0.0\form = Templates\Front\V2 0.0\form
		Templates\Front\V2 0.0\home.controller = Templates\Front\V2 0.0\home.controller
		Templates\Front\V2 0.0\index = Templates\Front\V2 0.0\index
		Templates\Front\V2 0.0\labels.constants = Templates\Front\V2 0.0\labels.constants
		Templates\Front\V2 0.0\login.controller = Templates\Front\V2 0.0\login.controller
		Templates\Front\V2 0.0\main.controller = Templates\Front\V2 0.0\main.controller
		Templates\Front\V2 0.0\modal = Templates\Front\V2 0.0\modal
		Templates\Front\V2 0.0\modal.create = Templates\Front\V2 0.0\modal.create
		Templates\Front\V2 0.0\modal.edit = Templates\Front\V2 0.0\modal.edit
		Templates\Front\V2 0.0\modules = Templates\Front\V2 0.0\modules
		Templates\Front\V2 0.0\package = Templates\Front\V2 0.0\package
		Templates\Front\V2 0.0\route.custom.config = Templates\Front\V2 0.0\route.custom.config
		Templates\Front\V2 0.0\routes = Templates\Front\V2 0.0\routes
		Templates\Front\V2 0.0\routes.item = Templates\Front\V2 0.0\routes.item
		Templates\Front\V2 0.0\table.body = Templates\Front\V2 0.0\table.body
		Templates\Front\V2 0.0\table.head = Templates\Front\V2 0.0\table.head
		Templates\Front\V2 0.0\token.constants = Templates\Front\V2 0.0\token.constants
		Templates\Front\V2 0.0\value.config = Templates\Front\V2 0.0\value.config
		Templates\Front\V2 0.0\view = Templates\Front\V2 0.0\view
		Templates\Front\V2 0.0\view.filters = Templates\Front\V2 0.0\view.filters
		Templates\Front\V2 0.0\view.grid = Templates\Front\V2 0.0\view.grid
		Templates\Front\V2 0.0\view.home = Templates\Front\V2 0.0\view.home
		Templates\Front\V2 0.0\view.login = Templates\Front\V2 0.0\view.login
	EndProjectSection
EndProject
Project("{FAE04EC0-301F-11D3-BF4B-00C04F79EFBC}") = "Common.Domain.Payment", "Common.Domain.Payment\Common.Domain.Payment.csproj", "{7CA0E975-7126-4017-9B7B-2C90F620DE3A}"
EndProject
Project("{FAE04EC0-301F-11D3-BF4B-00C04F79EFBC}") = "Common.Payment", "Common.Payment\Common.Payment.csproj", "{0669D309-4BA8-43D8-A028-D69F45723D21}"
EndProject
Project("{FAE04EC0-301F-11D3-BF4B-00C04F79EFBC}") = "Common.Geolocalization", "Common.Geolocalization\Common.Geolocalization.csproj", "{F4476279-EB2A-4837-94D7-7BFCBCAB5BF1}"
EndProject
Project("{FAE04EC0-301F-11D3-BF4B-00C04F79EFBC}") = "Common.Danfe", "Common.Danfe\Common.Danfe.csproj", "{895F20DB-F23C-4AA4-801F-A2ED17D121A7}"
EndProject
Global
	GlobalSection(SolutionConfigurationPlatforms) = preSolution
		Debug|Any CPU = Debug|Any CPU
		homolog|Any CPU = homolog|Any CPU
		Local|Any CPU = Local|Any CPU
		Migration|Any CPU = Migration|Any CPU
		Pre-Production|Any CPU = Pre-Production|Any CPU
		Release|Any CPU = Release|Any CPU
	EndGlobalSection
	GlobalSection(ProjectConfigurationPlatforms) = postSolution
		{E5811B43-3B9B-4D54-B7C8-D664AE0E0216}.Debug|Any CPU.ActiveCfg = Debug|Any CPU
		{E5811B43-3B9B-4D54-B7C8-D664AE0E0216}.Debug|Any CPU.Build.0 = Debug|Any CPU
		{E5811B43-3B9B-4D54-B7C8-D664AE0E0216}.homolog|Any CPU.ActiveCfg = Release|Any CPU
		{E5811B43-3B9B-4D54-B7C8-D664AE0E0216}.homolog|Any CPU.Build.0 = Release|Any CPU
		{E5811B43-3B9B-4D54-B7C8-D664AE0E0216}.Local|Any CPU.ActiveCfg = Release|Any CPU
		{E5811B43-3B9B-4D54-B7C8-D664AE0E0216}.Local|Any CPU.Build.0 = Release|Any CPU
		{E5811B43-3B9B-4D54-B7C8-D664AE0E0216}.Migration|Any CPU.ActiveCfg = Release|Any CPU
		{E5811B43-3B9B-4D54-B7C8-D664AE0E0216}.Migration|Any CPU.Build.0 = Release|Any CPU
		{E5811B43-3B9B-4D54-B7C8-D664AE0E0216}.Pre-Production|Any CPU.ActiveCfg = Release|Any CPU
		{E5811B43-3B9B-4D54-B7C8-D664AE0E0216}.Pre-Production|Any CPU.Build.0 = Release|Any CPU
		{E5811B43-3B9B-4D54-B7C8-D664AE0E0216}.Release|Any CPU.ActiveCfg = Release|Any CPU
		{E5811B43-3B9B-4D54-B7C8-D664AE0E0216}.Release|Any CPU.Build.0 = Release|Any CPU
		{E5811B43-3B9B-4D54-B7C8-D664AE0E0216}.Release|Any CPU.Deploy.0 = Release|Any CPU
		{B5DAB1B9-FC31-4C57-BA89-4213E293FCEA}.Debug|Any CPU.ActiveCfg = Debug|Any CPU
		{B5DAB1B9-FC31-4C57-BA89-4213E293FCEA}.Debug|Any CPU.Build.0 = Debug|Any CPU
		{B5DAB1B9-FC31-4C57-BA89-4213E293FCEA}.homolog|Any CPU.ActiveCfg = homolog|Any CPU
		{B5DAB1B9-FC31-4C57-BA89-4213E293FCEA}.homolog|Any CPU.Build.0 = homolog|Any CPU
		{B5DAB1B9-FC31-4C57-BA89-4213E293FCEA}.Local|Any CPU.ActiveCfg = Local|Any CPU
		{B5DAB1B9-FC31-4C57-BA89-4213E293FCEA}.Local|Any CPU.Build.0 = Local|Any CPU
		{B5DAB1B9-FC31-4C57-BA89-4213E293FCEA}.Migration|Any CPU.ActiveCfg = Release|Any CPU
		{B5DAB1B9-FC31-4C57-BA89-4213E293FCEA}.Migration|Any CPU.Build.0 = Release|Any CPU
		{B5DAB1B9-FC31-4C57-BA89-4213E293FCEA}.Pre-Production|Any CPU.ActiveCfg = Release|Any CPU
		{B5DAB1B9-FC31-4C57-BA89-4213E293FCEA}.Pre-Production|Any CPU.Build.0 = Release|Any CPU
		{B5DAB1B9-FC31-4C57-BA89-4213E293FCEA}.Release|Any CPU.ActiveCfg = Release|Any CPU
		{B5DAB1B9-FC31-4C57-BA89-4213E293FCEA}.Release|Any CPU.Build.0 = Release|Any CPU
		{4DA7AA58-06E7-4E91-B3E3-BD6B32337CB0}.Debug|Any CPU.ActiveCfg = Debug|Any CPU
		{4DA7AA58-06E7-4E91-B3E3-BD6B32337CB0}.Debug|Any CPU.Build.0 = Debug|Any CPU
		{4DA7AA58-06E7-4E91-B3E3-BD6B32337CB0}.homolog|Any CPU.ActiveCfg = Release|Any CPU
		{4DA7AA58-06E7-4E91-B3E3-BD6B32337CB0}.homolog|Any CPU.Build.0 = Release|Any CPU
		{4DA7AA58-06E7-4E91-B3E3-BD6B32337CB0}.Local|Any CPU.ActiveCfg = Release|Any CPU
		{4DA7AA58-06E7-4E91-B3E3-BD6B32337CB0}.Local|Any CPU.Build.0 = Release|Any CPU
		{4DA7AA58-06E7-4E91-B3E3-BD6B32337CB0}.Migration|Any CPU.ActiveCfg = Release|Any CPU
		{4DA7AA58-06E7-4E91-B3E3-BD6B32337CB0}.Migration|Any CPU.Build.0 = Release|Any CPU
		{4DA7AA58-06E7-4E91-B3E3-BD6B32337CB0}.Pre-Production|Any CPU.ActiveCfg = Release|Any CPU
		{4DA7AA58-06E7-4E91-B3E3-BD6B32337CB0}.Pre-Production|Any CPU.Build.0 = Release|Any CPU
		{4DA7AA58-06E7-4E91-B3E3-BD6B32337CB0}.Release|Any CPU.ActiveCfg = Release|Any CPU
		{4DA7AA58-06E7-4E91-B3E3-BD6B32337CB0}.Release|Any CPU.Build.0 = Release|Any CPU
		{AF134BF9-6C09-4822-BBEB-A2EFF5B1878D}.Debug|Any CPU.ActiveCfg = Debug|Any CPU
		{AF134BF9-6C09-4822-BBEB-A2EFF5B1878D}.Debug|Any CPU.Build.0 = Debug|Any CPU
		{AF134BF9-6C09-4822-BBEB-A2EFF5B1878D}.homolog|Any CPU.ActiveCfg = homolog|Any CPU
		{AF134BF9-6C09-4822-BBEB-A2EFF5B1878D}.homolog|Any CPU.Build.0 = homolog|Any CPU
		{AF134BF9-6C09-4822-BBEB-A2EFF5B1878D}.Local|Any CPU.ActiveCfg = Local|Any CPU
		{AF134BF9-6C09-4822-BBEB-A2EFF5B1878D}.Local|Any CPU.Build.0 = Local|Any CPU
		{AF134BF9-6C09-4822-BBEB-A2EFF5B1878D}.Migration|Any CPU.ActiveCfg = Release|Any CPU
		{AF134BF9-6C09-4822-BBEB-A2EFF5B1878D}.Migration|Any CPU.Build.0 = Release|Any CPU
		{AF134BF9-6C09-4822-BBEB-A2EFF5B1878D}.Pre-Production|Any CPU.ActiveCfg = Release|Any CPU
		{AF134BF9-6C09-4822-BBEB-A2EFF5B1878D}.Pre-Production|Any CPU.Build.0 = Release|Any CPU
		{AF134BF9-6C09-4822-BBEB-A2EFF5B1878D}.Release|Any CPU.ActiveCfg = Release|Any CPU
		{AF134BF9-6C09-4822-BBEB-A2EFF5B1878D}.Release|Any CPU.Build.0 = Release|Any CPU
		{4F50C9A4-075B-4145-A65E-DE10D78F260C}.Debug|Any CPU.ActiveCfg = Debug|Any CPU
		{4F50C9A4-075B-4145-A65E-DE10D78F260C}.Debug|Any CPU.Build.0 = Debug|Any CPU
		{4F50C9A4-075B-4145-A65E-DE10D78F260C}.homolog|Any CPU.ActiveCfg = Release|Any CPU
		{4F50C9A4-075B-4145-A65E-DE10D78F260C}.homolog|Any CPU.Build.0 = Release|Any CPU
		{4F50C9A4-075B-4145-A65E-DE10D78F260C}.Local|Any CPU.ActiveCfg = Release|Any CPU
		{4F50C9A4-075B-4145-A65E-DE10D78F260C}.Local|Any CPU.Build.0 = Release|Any CPU
		{4F50C9A4-075B-4145-A65E-DE10D78F260C}.Migration|Any CPU.ActiveCfg = Release|Any CPU
		{4F50C9A4-075B-4145-A65E-DE10D78F260C}.Migration|Any CPU.Build.0 = Release|Any CPU
		{4F50C9A4-075B-4145-A65E-DE10D78F260C}.Pre-Production|Any CPU.ActiveCfg = Release|Any CPU
		{4F50C9A4-075B-4145-A65E-DE10D78F260C}.Pre-Production|Any CPU.Build.0 = Release|Any CPU
		{4F50C9A4-075B-4145-A65E-DE10D78F260C}.Release|Any CPU.ActiveCfg = Release|Any CPU
		{4F50C9A4-075B-4145-A65E-DE10D78F260C}.Release|Any CPU.Build.0 = Release|Any CPU
		{58799509-F5DD-4C84-84F8-605D0A563D29}.Debug|Any CPU.ActiveCfg = Debug|Any CPU
		{58799509-F5DD-4C84-84F8-605D0A563D29}.Debug|Any CPU.Build.0 = Debug|Any CPU
		{58799509-F5DD-4C84-84F8-605D0A563D29}.homolog|Any CPU.ActiveCfg = homolog|Any CPU
		{58799509-F5DD-4C84-84F8-605D0A563D29}.homolog|Any CPU.Build.0 = homolog|Any CPU
		{58799509-F5DD-4C84-84F8-605D0A563D29}.Local|Any CPU.ActiveCfg = Local|Any CPU
		{58799509-F5DD-4C84-84F8-605D0A563D29}.Local|Any CPU.Build.0 = Local|Any CPU
		{58799509-F5DD-4C84-84F8-605D0A563D29}.Migration|Any CPU.ActiveCfg = Release|Any CPU
		{58799509-F5DD-4C84-84F8-605D0A563D29}.Migration|Any CPU.Build.0 = Release|Any CPU
		{58799509-F5DD-4C84-84F8-605D0A563D29}.Pre-Production|Any CPU.ActiveCfg = Release|Any CPU
		{58799509-F5DD-4C84-84F8-605D0A563D29}.Pre-Production|Any CPU.Build.0 = Release|Any CPU
		{58799509-F5DD-4C84-84F8-605D0A563D29}.Release|Any CPU.ActiveCfg = Release|Any CPU
		{58799509-F5DD-4C84-84F8-605D0A563D29}.Release|Any CPU.Build.0 = Release|Any CPU
		{688D6D42-2D19-4814-B720-B35A5A799326}.Debug|Any CPU.ActiveCfg = Debug|Any CPU
		{688D6D42-2D19-4814-B720-B35A5A799326}.Debug|Any CPU.Build.0 = Debug|Any CPU
		{688D6D42-2D19-4814-B720-B35A5A799326}.homolog|Any CPU.ActiveCfg = homolog|Any CPU
		{688D6D42-2D19-4814-B720-B35A5A799326}.homolog|Any CPU.Build.0 = homolog|Any CPU
		{688D6D42-2D19-4814-B720-B35A5A799326}.Local|Any CPU.ActiveCfg = Local|Any CPU
		{688D6D42-2D19-4814-B720-B35A5A799326}.Local|Any CPU.Build.0 = Local|Any CPU
		{688D6D42-2D19-4814-B720-B35A5A799326}.Migration|Any CPU.ActiveCfg = Release|Any CPU
		{688D6D42-2D19-4814-B720-B35A5A799326}.Migration|Any CPU.Build.0 = Release|Any CPU
		{688D6D42-2D19-4814-B720-B35A5A799326}.Pre-Production|Any CPU.ActiveCfg = Release|Any CPU
		{688D6D42-2D19-4814-B720-B35A5A799326}.Pre-Production|Any CPU.Build.0 = Release|Any CPU
		{688D6D42-2D19-4814-B720-B35A5A799326}.Release|Any CPU.ActiveCfg = Release|Any CPU
		{688D6D42-2D19-4814-B720-B35A5A799326}.Release|Any CPU.Build.0 = Release|Any CPU
		{E46D2F64-A222-4C5F-BF21-B60D236DA808}.Debug|Any CPU.ActiveCfg = Debug|Any CPU
		{E46D2F64-A222-4C5F-BF21-B60D236DA808}.Debug|Any CPU.Build.0 = Debug|Any CPU
		{E46D2F64-A222-4C5F-BF21-B60D236DA808}.homolog|Any CPU.ActiveCfg = homolog|Any CPU
		{E46D2F64-A222-4C5F-BF21-B60D236DA808}.homolog|Any CPU.Build.0 = homolog|Any CPU
		{E46D2F64-A222-4C5F-BF21-B60D236DA808}.Local|Any CPU.ActiveCfg = Local|Any CPU
		{E46D2F64-A222-4C5F-BF21-B60D236DA808}.Local|Any CPU.Build.0 = Local|Any CPU
		{E46D2F64-A222-4C5F-BF21-B60D236DA808}.Migration|Any CPU.ActiveCfg = Release|Any CPU
		{E46D2F64-A222-4C5F-BF21-B60D236DA808}.Migration|Any CPU.Build.0 = Release|Any CPU
		{E46D2F64-A222-4C5F-BF21-B60D236DA808}.Pre-Production|Any CPU.ActiveCfg = Release|Any CPU
		{E46D2F64-A222-4C5F-BF21-B60D236DA808}.Pre-Production|Any CPU.Build.0 = Release|Any CPU
		{E46D2F64-A222-4C5F-BF21-B60D236DA808}.Release|Any CPU.ActiveCfg = Release|Any CPU
		{E46D2F64-A222-4C5F-BF21-B60D236DA808}.Release|Any CPU.Build.0 = Release|Any CPU
		{A246AC2A-B074-4008-956B-8B7F0302C633}.Debug|Any CPU.ActiveCfg = Debug|Any CPU
		{A246AC2A-B074-4008-956B-8B7F0302C633}.Debug|Any CPU.Build.0 = Debug|Any CPU
		{A246AC2A-B074-4008-956B-8B7F0302C633}.homolog|Any CPU.ActiveCfg = homolog|Any CPU
		{A246AC2A-B074-4008-956B-8B7F0302C633}.homolog|Any CPU.Build.0 = homolog|Any CPU
		{A246AC2A-B074-4008-956B-8B7F0302C633}.Local|Any CPU.ActiveCfg = Local|Any CPU
		{A246AC2A-B074-4008-956B-8B7F0302C633}.Local|Any CPU.Build.0 = Local|Any CPU
		{A246AC2A-B074-4008-956B-8B7F0302C633}.Migration|Any CPU.ActiveCfg = Release|Any CPU
		{A246AC2A-B074-4008-956B-8B7F0302C633}.Migration|Any CPU.Build.0 = Release|Any CPU
		{A246AC2A-B074-4008-956B-8B7F0302C633}.Pre-Production|Any CPU.ActiveCfg = Release|Any CPU
		{A246AC2A-B074-4008-956B-8B7F0302C633}.Pre-Production|Any CPU.Build.0 = Release|Any CPU
		{A246AC2A-B074-4008-956B-8B7F0302C633}.Release|Any CPU.ActiveCfg = Release|Any CPU
		{A246AC2A-B074-4008-956B-8B7F0302C633}.Release|Any CPU.Build.0 = Release|Any CPU
		{CBC3D992-7707-4992-9277-A1545C4948AB}.Debug|Any CPU.ActiveCfg = Debug|Any CPU
		{CBC3D992-7707-4992-9277-A1545C4948AB}.Debug|Any CPU.Build.0 = Debug|Any CPU
		{CBC3D992-7707-4992-9277-A1545C4948AB}.homolog|Any CPU.ActiveCfg = homolog|Any CPU
		{CBC3D992-7707-4992-9277-A1545C4948AB}.homolog|Any CPU.Build.0 = homolog|Any CPU
		{CBC3D992-7707-4992-9277-A1545C4948AB}.Local|Any CPU.ActiveCfg = Local|Any CPU
		{CBC3D992-7707-4992-9277-A1545C4948AB}.Local|Any CPU.Build.0 = Local|Any CPU
		{CBC3D992-7707-4992-9277-A1545C4948AB}.Migration|Any CPU.ActiveCfg = Release|Any CPU
		{CBC3D992-7707-4992-9277-A1545C4948AB}.Migration|Any CPU.Build.0 = Release|Any CPU
		{CBC3D992-7707-4992-9277-A1545C4948AB}.Pre-Production|Any CPU.ActiveCfg = Release|Any CPU
		{CBC3D992-7707-4992-9277-A1545C4948AB}.Pre-Production|Any CPU.Build.0 = Release|Any CPU
		{CBC3D992-7707-4992-9277-A1545C4948AB}.Release|Any CPU.ActiveCfg = Release|Any CPU
		{CBC3D992-7707-4992-9277-A1545C4948AB}.Release|Any CPU.Build.0 = Release|Any CPU
		{53B9E2DC-150F-4E08-AFF2-C545BAAE4888}.Debug|Any CPU.ActiveCfg = Debug|Any CPU
		{53B9E2DC-150F-4E08-AFF2-C545BAAE4888}.Debug|Any CPU.Build.0 = Debug|Any CPU
		{53B9E2DC-150F-4E08-AFF2-C545BAAE4888}.homolog|Any CPU.ActiveCfg = Release|Any CPU
		{53B9E2DC-150F-4E08-AFF2-C545BAAE4888}.homolog|Any CPU.Build.0 = Release|Any CPU
		{53B9E2DC-150F-4E08-AFF2-C545BAAE4888}.Local|Any CPU.ActiveCfg = Release|Any CPU
		{53B9E2DC-150F-4E08-AFF2-C545BAAE4888}.Local|Any CPU.Build.0 = Release|Any CPU
		{53B9E2DC-150F-4E08-AFF2-C545BAAE4888}.Migration|Any CPU.ActiveCfg = Release|Any CPU
		{53B9E2DC-150F-4E08-AFF2-C545BAAE4888}.Migration|Any CPU.Build.0 = Release|Any CPU
		{53B9E2DC-150F-4E08-AFF2-C545BAAE4888}.Pre-Production|Any CPU.ActiveCfg = Release|Any CPU
		{53B9E2DC-150F-4E08-AFF2-C545BAAE4888}.Pre-Production|Any CPU.Build.0 = Release|Any CPU
		{53B9E2DC-150F-4E08-AFF2-C545BAAE4888}.Release|Any CPU.ActiveCfg = Release|Any CPU
		{53B9E2DC-150F-4E08-AFF2-C545BAAE4888}.Release|Any CPU.Build.0 = Release|Any CPU
		{A5DD8ABC-7479-4D73-AF9A-8B7612B28935}.Debug|Any CPU.ActiveCfg = Debug|Any CPU
		{A5DD8ABC-7479-4D73-AF9A-8B7612B28935}.Debug|Any CPU.Build.0 = Debug|Any CPU
		{A5DD8ABC-7479-4D73-AF9A-8B7612B28935}.homolog|Any CPU.ActiveCfg = Release|Any CPU
		{A5DD8ABC-7479-4D73-AF9A-8B7612B28935}.homolog|Any CPU.Build.0 = Release|Any CPU
		{A5DD8ABC-7479-4D73-AF9A-8B7612B28935}.Local|Any CPU.ActiveCfg = Release|Any CPU
		{A5DD8ABC-7479-4D73-AF9A-8B7612B28935}.Local|Any CPU.Build.0 = Release|Any CPU
		{A5DD8ABC-7479-4D73-AF9A-8B7612B28935}.Migration|Any CPU.ActiveCfg = Release|Any CPU
		{A5DD8ABC-7479-4D73-AF9A-8B7612B28935}.Migration|Any CPU.Build.0 = Release|Any CPU
		{A5DD8ABC-7479-4D73-AF9A-8B7612B28935}.Pre-Production|Any CPU.ActiveCfg = Release|Any CPU
		{A5DD8ABC-7479-4D73-AF9A-8B7612B28935}.Pre-Production|Any CPU.Build.0 = Release|Any CPU
		{A5DD8ABC-7479-4D73-AF9A-8B7612B28935}.Release|Any CPU.ActiveCfg = Release|Any CPU
		{A5DD8ABC-7479-4D73-AF9A-8B7612B28935}.Release|Any CPU.Build.0 = Release|Any CPU
		{9EE4E8CD-1009-41F9-B566-F096FEEEB7A5}.Debug|Any CPU.ActiveCfg = Debug|Any CPU
		{9EE4E8CD-1009-41F9-B566-F096FEEEB7A5}.Debug|Any CPU.Build.0 = Debug|Any CPU
		{9EE4E8CD-1009-41F9-B566-F096FEEEB7A5}.homolog|Any CPU.ActiveCfg = Release|Any CPU
		{9EE4E8CD-1009-41F9-B566-F096FEEEB7A5}.homolog|Any CPU.Build.0 = Release|Any CPU
		{9EE4E8CD-1009-41F9-B566-F096FEEEB7A5}.Local|Any CPU.ActiveCfg = Release|Any CPU
		{9EE4E8CD-1009-41F9-B566-F096FEEEB7A5}.Local|Any CPU.Build.0 = Release|Any CPU
		{9EE4E8CD-1009-41F9-B566-F096FEEEB7A5}.Migration|Any CPU.ActiveCfg = Release|Any CPU
		{9EE4E8CD-1009-41F9-B566-F096FEEEB7A5}.Migration|Any CPU.Build.0 = Release|Any CPU
		{9EE4E8CD-1009-41F9-B566-F096FEEEB7A5}.Pre-Production|Any CPU.ActiveCfg = Release|Any CPU
		{9EE4E8CD-1009-41F9-B566-F096FEEEB7A5}.Pre-Production|Any CPU.Build.0 = Release|Any CPU
		{9EE4E8CD-1009-41F9-B566-F096FEEEB7A5}.Release|Any CPU.ActiveCfg = Release|Any CPU
		{9EE4E8CD-1009-41F9-B566-F096FEEEB7A5}.Release|Any CPU.Build.0 = Release|Any CPU
		{DC74FAEA-D418-4280-8FE2-894366B5E8F8}.Debug|Any CPU.ActiveCfg = Debug|Any CPU
		{DC74FAEA-D418-4280-8FE2-894366B5E8F8}.Debug|Any CPU.Build.0 = Debug|Any CPU
		{DC74FAEA-D418-4280-8FE2-894366B5E8F8}.homolog|Any CPU.ActiveCfg = Release|Any CPU
		{DC74FAEA-D418-4280-8FE2-894366B5E8F8}.homolog|Any CPU.Build.0 = Release|Any CPU
		{DC74FAEA-D418-4280-8FE2-894366B5E8F8}.Local|Any CPU.ActiveCfg = Release|Any CPU
		{DC74FAEA-D418-4280-8FE2-894366B5E8F8}.Local|Any CPU.Build.0 = Release|Any CPU
		{DC74FAEA-D418-4280-8FE2-894366B5E8F8}.Migration|Any CPU.ActiveCfg = Release|Any CPU
		{DC74FAEA-D418-4280-8FE2-894366B5E8F8}.Migration|Any CPU.Build.0 = Release|Any CPU
		{DC74FAEA-D418-4280-8FE2-894366B5E8F8}.Pre-Production|Any CPU.ActiveCfg = Release|Any CPU
		{DC74FAEA-D418-4280-8FE2-894366B5E8F8}.Pre-Production|Any CPU.Build.0 = Release|Any CPU
		{DC74FAEA-D418-4280-8FE2-894366B5E8F8}.Release|Any CPU.ActiveCfg = Release|Any CPU
		{DC74FAEA-D418-4280-8FE2-894366B5E8F8}.Release|Any CPU.Build.0 = Release|Any CPU
		{DE01E283-644B-4DE6-8388-D4591E5048E3}.Debug|Any CPU.ActiveCfg = Debug|Any CPU
		{DE01E283-644B-4DE6-8388-D4591E5048E3}.Debug|Any CPU.Build.0 = Debug|Any CPU
		{DE01E283-644B-4DE6-8388-D4591E5048E3}.homolog|Any CPU.ActiveCfg = Release|Any CPU
		{DE01E283-644B-4DE6-8388-D4591E5048E3}.homolog|Any CPU.Build.0 = Release|Any CPU
		{DE01E283-644B-4DE6-8388-D4591E5048E3}.Local|Any CPU.ActiveCfg = Release|Any CPU
		{DE01E283-644B-4DE6-8388-D4591E5048E3}.Local|Any CPU.Build.0 = Release|Any CPU
		{DE01E283-644B-4DE6-8388-D4591E5048E3}.Migration|Any CPU.ActiveCfg = Release|Any CPU
		{DE01E283-644B-4DE6-8388-D4591E5048E3}.Migration|Any CPU.Build.0 = Release|Any CPU
		{DE01E283-644B-4DE6-8388-D4591E5048E3}.Pre-Production|Any CPU.ActiveCfg = Release|Any CPU
		{DE01E283-644B-4DE6-8388-D4591E5048E3}.Pre-Production|Any CPU.Build.0 = Release|Any CPU
		{DE01E283-644B-4DE6-8388-D4591E5048E3}.Release|Any CPU.ActiveCfg = Release|Any CPU
		{DE01E283-644B-4DE6-8388-D4591E5048E3}.Release|Any CPU.Build.0 = Release|Any CPU
		{2025AD2D-BE15-4D29-B302-BED0356457C4}.Debug|Any CPU.ActiveCfg = Debug|Any CPU
		{2025AD2D-BE15-4D29-B302-BED0356457C4}.Debug|Any CPU.Build.0 = Debug|Any CPU
		{2025AD2D-BE15-4D29-B302-BED0356457C4}.homolog|Any CPU.ActiveCfg = Release|Any CPU
		{2025AD2D-BE15-4D29-B302-BED0356457C4}.homolog|Any CPU.Build.0 = Release|Any CPU
		{2025AD2D-BE15-4D29-B302-BED0356457C4}.Local|Any CPU.ActiveCfg = Release|Any CPU
		{2025AD2D-BE15-4D29-B302-BED0356457C4}.Local|Any CPU.Build.0 = Release|Any CPU
		{2025AD2D-BE15-4D29-B302-BED0356457C4}.Migration|Any CPU.ActiveCfg = Release|Any CPU
		{2025AD2D-BE15-4D29-B302-BED0356457C4}.Migration|Any CPU.Build.0 = Release|Any CPU
		{2025AD2D-BE15-4D29-B302-BED0356457C4}.Pre-Production|Any CPU.ActiveCfg = Release|Any CPU
		{2025AD2D-BE15-4D29-B302-BED0356457C4}.Pre-Production|Any CPU.Build.0 = Release|Any CPU
		{2025AD2D-BE15-4D29-B302-BED0356457C4}.Release|Any CPU.ActiveCfg = Release|Any CPU
		{2025AD2D-BE15-4D29-B302-BED0356457C4}.Release|Any CPU.Build.0 = Release|Any CPU
		{5A7113D6-D681-40A6-BAC5-DBE2190B1A71}.Debug|Any CPU.ActiveCfg = Debug|Any CPU
		{5A7113D6-D681-40A6-BAC5-DBE2190B1A71}.Debug|Any CPU.Build.0 = Debug|Any CPU
		{5A7113D6-D681-40A6-BAC5-DBE2190B1A71}.homolog|Any CPU.ActiveCfg = Release|Any CPU
		{5A7113D6-D681-40A6-BAC5-DBE2190B1A71}.homolog|Any CPU.Build.0 = Release|Any CPU
		{5A7113D6-D681-40A6-BAC5-DBE2190B1A71}.Local|Any CPU.ActiveCfg = Release|Any CPU
		{5A7113D6-D681-40A6-BAC5-DBE2190B1A71}.Local|Any CPU.Build.0 = Release|Any CPU
		{5A7113D6-D681-40A6-BAC5-DBE2190B1A71}.Migration|Any CPU.ActiveCfg = Release|Any CPU
		{5A7113D6-D681-40A6-BAC5-DBE2190B1A71}.Migration|Any CPU.Build.0 = Release|Any CPU
		{5A7113D6-D681-40A6-BAC5-DBE2190B1A71}.Pre-Production|Any CPU.ActiveCfg = Release|Any CPU
		{5A7113D6-D681-40A6-BAC5-DBE2190B1A71}.Pre-Production|Any CPU.Build.0 = Release|Any CPU
		{5A7113D6-D681-40A6-BAC5-DBE2190B1A71}.Release|Any CPU.ActiveCfg = Release|Any CPU
		{5A7113D6-D681-40A6-BAC5-DBE2190B1A71}.Release|Any CPU.Build.0 = Release|Any CPU
		{20D272EB-44DD-474A-BCDC-DF8AE6093063}.Debug|Any CPU.ActiveCfg = Debug|Any CPU
		{20D272EB-44DD-474A-BCDC-DF8AE6093063}.Debug|Any CPU.Build.0 = Debug|Any CPU
		{20D272EB-44DD-474A-BCDC-DF8AE6093063}.homolog|Any CPU.ActiveCfg = Release|Any CPU
		{20D272EB-44DD-474A-BCDC-DF8AE6093063}.homolog|Any CPU.Build.0 = Release|Any CPU
		{20D272EB-44DD-474A-BCDC-DF8AE6093063}.Local|Any CPU.ActiveCfg = Release|Any CPU
		{20D272EB-44DD-474A-BCDC-DF8AE6093063}.Local|Any CPU.Build.0 = Release|Any CPU
		{20D272EB-44DD-474A-BCDC-DF8AE6093063}.Migration|Any CPU.ActiveCfg = Release|Any CPU
		{20D272EB-44DD-474A-BCDC-DF8AE6093063}.Migration|Any CPU.Build.0 = Release|Any CPU
		{20D272EB-44DD-474A-BCDC-DF8AE6093063}.Pre-Production|Any CPU.ActiveCfg = Release|Any CPU
		{20D272EB-44DD-474A-BCDC-DF8AE6093063}.Pre-Production|Any CPU.Build.0 = Release|Any CPU
		{20D272EB-44DD-474A-BCDC-DF8AE6093063}.Release|Any CPU.ActiveCfg = Release|Any CPU
		{20D272EB-44DD-474A-BCDC-DF8AE6093063}.Release|Any CPU.Build.0 = Release|Any CPU
		{715C313A-7B43-48D7-B974-7799BE869FC4}.Debug|Any CPU.ActiveCfg = Debug|Any CPU
		{715C313A-7B43-48D7-B974-7799BE869FC4}.Debug|Any CPU.Build.0 = Debug|Any CPU
		{715C313A-7B43-48D7-B974-7799BE869FC4}.homolog|Any CPU.ActiveCfg = Release|Any CPU
		{715C313A-7B43-48D7-B974-7799BE869FC4}.homolog|Any CPU.Build.0 = Release|Any CPU
		{715C313A-7B43-48D7-B974-7799BE869FC4}.Local|Any CPU.ActiveCfg = Release|Any CPU
		{715C313A-7B43-48D7-B974-7799BE869FC4}.Local|Any CPU.Build.0 = Release|Any CPU
		{715C313A-7B43-48D7-B974-7799BE869FC4}.Migration|Any CPU.ActiveCfg = Release|Any CPU
		{715C313A-7B43-48D7-B974-7799BE869FC4}.Migration|Any CPU.Build.0 = Release|Any CPU
		{715C313A-7B43-48D7-B974-7799BE869FC4}.Pre-Production|Any CPU.ActiveCfg = Release|Any CPU
		{715C313A-7B43-48D7-B974-7799BE869FC4}.Pre-Production|Any CPU.Build.0 = Release|Any CPU
		{715C313A-7B43-48D7-B974-7799BE869FC4}.Release|Any CPU.ActiveCfg = Release|Any CPU
		{715C313A-7B43-48D7-B974-7799BE869FC4}.Release|Any CPU.Build.0 = Release|Any CPU
		{836C020A-9EB7-4282-9905-5386C92F0556}.Debug|Any CPU.ActiveCfg = Debug|Any CPU
		{836C020A-9EB7-4282-9905-5386C92F0556}.Debug|Any CPU.Build.0 = Debug|Any CPU
		{836C020A-9EB7-4282-9905-5386C92F0556}.homolog|Any CPU.ActiveCfg = Release|Any CPU
		{836C020A-9EB7-4282-9905-5386C92F0556}.homolog|Any CPU.Build.0 = Release|Any CPU
		{836C020A-9EB7-4282-9905-5386C92F0556}.Local|Any CPU.ActiveCfg = Release|Any CPU
		{836C020A-9EB7-4282-9905-5386C92F0556}.Local|Any CPU.Build.0 = Release|Any CPU
		{836C020A-9EB7-4282-9905-5386C92F0556}.Migration|Any CPU.ActiveCfg = Release|Any CPU
		{836C020A-9EB7-4282-9905-5386C92F0556}.Migration|Any CPU.Build.0 = Release|Any CPU
		{836C020A-9EB7-4282-9905-5386C92F0556}.Pre-Production|Any CPU.ActiveCfg = Release|Any CPU
		{836C020A-9EB7-4282-9905-5386C92F0556}.Pre-Production|Any CPU.Build.0 = Release|Any CPU
		{836C020A-9EB7-4282-9905-5386C92F0556}.Release|Any CPU.ActiveCfg = Release|Any CPU
		{836C020A-9EB7-4282-9905-5386C92F0556}.Release|Any CPU.Build.0 = Release|Any CPU
		{B10ED189-934E-4D64-BAD0-94E4890436C0}.Debug|Any CPU.ActiveCfg = Debug|Any CPU
		{B10ED189-934E-4D64-BAD0-94E4890436C0}.Debug|Any CPU.Build.0 = Debug|Any CPU
		{B10ED189-934E-4D64-BAD0-94E4890436C0}.homolog|Any CPU.ActiveCfg = Release|Any CPU
		{B10ED189-934E-4D64-BAD0-94E4890436C0}.homolog|Any CPU.Build.0 = Release|Any CPU
		{B10ED189-934E-4D64-BAD0-94E4890436C0}.Local|Any CPU.ActiveCfg = Release|Any CPU
		{B10ED189-934E-4D64-BAD0-94E4890436C0}.Local|Any CPU.Build.0 = Release|Any CPU
		{B10ED189-934E-4D64-BAD0-94E4890436C0}.Migration|Any CPU.ActiveCfg = Release|Any CPU
		{B10ED189-934E-4D64-BAD0-94E4890436C0}.Migration|Any CPU.Build.0 = Release|Any CPU
		{B10ED189-934E-4D64-BAD0-94E4890436C0}.Pre-Production|Any CPU.ActiveCfg = Release|Any CPU
		{B10ED189-934E-4D64-BAD0-94E4890436C0}.Pre-Production|Any CPU.Build.0 = Release|Any CPU
		{B10ED189-934E-4D64-BAD0-94E4890436C0}.Release|Any CPU.ActiveCfg = Release|Any CPU
		{B10ED189-934E-4D64-BAD0-94E4890436C0}.Release|Any CPU.Build.0 = Release|Any CPU
		{C8C138F5-FC0F-44F4-8341-D4807B102C6A}.Debug|Any CPU.ActiveCfg = Debug|Any CPU
		{C8C138F5-FC0F-44F4-8341-D4807B102C6A}.Debug|Any CPU.Build.0 = Debug|Any CPU
		{C8C138F5-FC0F-44F4-8341-D4807B102C6A}.homolog|Any CPU.ActiveCfg = Release|Any CPU
		{C8C138F5-FC0F-44F4-8341-D4807B102C6A}.homolog|Any CPU.Build.0 = Release|Any CPU
		{C8C138F5-FC0F-44F4-8341-D4807B102C6A}.Local|Any CPU.ActiveCfg = Release|Any CPU
		{C8C138F5-FC0F-44F4-8341-D4807B102C6A}.Local|Any CPU.Build.0 = Release|Any CPU
		{C8C138F5-FC0F-44F4-8341-D4807B102C6A}.Migration|Any CPU.ActiveCfg = Release|Any CPU
		{C8C138F5-FC0F-44F4-8341-D4807B102C6A}.Migration|Any CPU.Build.0 = Release|Any CPU
		{C8C138F5-FC0F-44F4-8341-D4807B102C6A}.Pre-Production|Any CPU.ActiveCfg = Release|Any CPU
		{C8C138F5-FC0F-44F4-8341-D4807B102C6A}.Pre-Production|Any CPU.Build.0 = Release|Any CPU
		{C8C138F5-FC0F-44F4-8341-D4807B102C6A}.Release|Any CPU.ActiveCfg = Release|Any CPU
		{C8C138F5-FC0F-44F4-8341-D4807B102C6A}.Release|Any CPU.Build.0 = Release|Any CPU
		{7C1A15AA-E727-4CC6-AE23-FEE0B8DF2710}.Debug|Any CPU.ActiveCfg = Debug|Any CPU
		{7C1A15AA-E727-4CC6-AE23-FEE0B8DF2710}.Debug|Any CPU.Build.0 = Debug|Any CPU
		{7C1A15AA-E727-4CC6-AE23-FEE0B8DF2710}.homolog|Any CPU.ActiveCfg = Release|Any CPU
		{7C1A15AA-E727-4CC6-AE23-FEE0B8DF2710}.homolog|Any CPU.Build.0 = Release|Any CPU
		{7C1A15AA-E727-4CC6-AE23-FEE0B8DF2710}.Local|Any CPU.ActiveCfg = Release|Any CPU
		{7C1A15AA-E727-4CC6-AE23-FEE0B8DF2710}.Local|Any CPU.Build.0 = Release|Any CPU
		{7C1A15AA-E727-4CC6-AE23-FEE0B8DF2710}.Migration|Any CPU.ActiveCfg = Release|Any CPU
		{7C1A15AA-E727-4CC6-AE23-FEE0B8DF2710}.Migration|Any CPU.Build.0 = Release|Any CPU
		{7C1A15AA-E727-4CC6-AE23-FEE0B8DF2710}.Pre-Production|Any CPU.ActiveCfg = Release|Any CPU
		{7C1A15AA-E727-4CC6-AE23-FEE0B8DF2710}.Pre-Production|Any CPU.Build.0 = Release|Any CPU
		{7C1A15AA-E727-4CC6-AE23-FEE0B8DF2710}.Release|Any CPU.ActiveCfg = Release|Any CPU
		{7C1A15AA-E727-4CC6-AE23-FEE0B8DF2710}.Release|Any CPU.Build.0 = Release|Any CPU
		{F173E80B-E36B-48AD-B483-A27F8CA86F3C}.Debug|Any CPU.ActiveCfg = Debug|Any CPU
		{F173E80B-E36B-48AD-B483-A27F8CA86F3C}.Debug|Any CPU.Build.0 = Debug|Any CPU
		{F173E80B-E36B-48AD-B483-A27F8CA86F3C}.homolog|Any CPU.ActiveCfg = Release|Any CPU
		{F173E80B-E36B-48AD-B483-A27F8CA86F3C}.homolog|Any CPU.Build.0 = Release|Any CPU
		{F173E80B-E36B-48AD-B483-A27F8CA86F3C}.Local|Any CPU.ActiveCfg = Release|Any CPU
		{F173E80B-E36B-48AD-B483-A27F8CA86F3C}.Local|Any CPU.Build.0 = Release|Any CPU
		{F173E80B-E36B-48AD-B483-A27F8CA86F3C}.Migration|Any CPU.ActiveCfg = Release|Any CPU
		{F173E80B-E36B-48AD-B483-A27F8CA86F3C}.Migration|Any CPU.Build.0 = Release|Any CPU
		{F173E80B-E36B-48AD-B483-A27F8CA86F3C}.Pre-Production|Any CPU.ActiveCfg = Release|Any CPU
		{F173E80B-E36B-48AD-B483-A27F8CA86F3C}.Pre-Production|Any CPU.Build.0 = Release|Any CPU
		{F173E80B-E36B-48AD-B483-A27F8CA86F3C}.Release|Any CPU.ActiveCfg = Release|Any CPU
		{F173E80B-E36B-48AD-B483-A27F8CA86F3C}.Release|Any CPU.Build.0 = Release|Any CPU
		{DAB49FFC-4EAF-4FF6-84AF-DA1C63174600}.Debug|Any CPU.ActiveCfg = Debug|Any CPU
		{DAB49FFC-4EAF-4FF6-84AF-DA1C63174600}.Debug|Any CPU.Build.0 = Debug|Any CPU
		{DAB49FFC-4EAF-4FF6-84AF-DA1C63174600}.homolog|Any CPU.ActiveCfg = Release|Any CPU
		{DAB49FFC-4EAF-4FF6-84AF-DA1C63174600}.homolog|Any CPU.Build.0 = Release|Any CPU
		{DAB49FFC-4EAF-4FF6-84AF-DA1C63174600}.Local|Any CPU.ActiveCfg = Release|Any CPU
		{DAB49FFC-4EAF-4FF6-84AF-DA1C63174600}.Local|Any CPU.Build.0 = Release|Any CPU
		{DAB49FFC-4EAF-4FF6-84AF-DA1C63174600}.Migration|Any CPU.ActiveCfg = Release|Any CPU
		{DAB49FFC-4EAF-4FF6-84AF-DA1C63174600}.Migration|Any CPU.Build.0 = Release|Any CPU
		{DAB49FFC-4EAF-4FF6-84AF-DA1C63174600}.Pre-Production|Any CPU.ActiveCfg = Release|Any CPU
		{DAB49FFC-4EAF-4FF6-84AF-DA1C63174600}.Pre-Production|Any CPU.Build.0 = Release|Any CPU
		{DAB49FFC-4EAF-4FF6-84AF-DA1C63174600}.Release|Any CPU.ActiveCfg = Release|Any CPU
		{DAB49FFC-4EAF-4FF6-84AF-DA1C63174600}.Release|Any CPU.Build.0 = Release|Any CPU
		{86256D3E-A374-421B-8E8C-15DBDB670A2B}.Debug|Any CPU.ActiveCfg = Debug|Any CPU
		{86256D3E-A374-421B-8E8C-15DBDB670A2B}.Debug|Any CPU.Build.0 = Debug|Any CPU
		{86256D3E-A374-421B-8E8C-15DBDB670A2B}.homolog|Any CPU.ActiveCfg = Release|Any CPU
		{86256D3E-A374-421B-8E8C-15DBDB670A2B}.homolog|Any CPU.Build.0 = Release|Any CPU
		{86256D3E-A374-421B-8E8C-15DBDB670A2B}.Local|Any CPU.ActiveCfg = Release|Any CPU
		{86256D3E-A374-421B-8E8C-15DBDB670A2B}.Local|Any CPU.Build.0 = Release|Any CPU
		{86256D3E-A374-421B-8E8C-15DBDB670A2B}.Migration|Any CPU.ActiveCfg = Release|Any CPU
		{86256D3E-A374-421B-8E8C-15DBDB670A2B}.Migration|Any CPU.Build.0 = Release|Any CPU
		{86256D3E-A374-421B-8E8C-15DBDB670A2B}.Pre-Production|Any CPU.ActiveCfg = Release|Any CPU
		{86256D3E-A374-421B-8E8C-15DBDB670A2B}.Pre-Production|Any CPU.Build.0 = Release|Any CPU
		{86256D3E-A374-421B-8E8C-15DBDB670A2B}.Release|Any CPU.ActiveCfg = Release|Any CPU
		{86256D3E-A374-421B-8E8C-15DBDB670A2B}.Release|Any CPU.Build.0 = Release|Any CPU
		{7448319E-A343-4C2A-B961-B00BD9F02326}.Debug|Any CPU.ActiveCfg = Debug|Any CPU
		{7448319E-A343-4C2A-B961-B00BD9F02326}.Debug|Any CPU.Build.0 = Debug|Any CPU
		{7448319E-A343-4C2A-B961-B00BD9F02326}.homolog|Any CPU.ActiveCfg = Release|Any CPU
		{7448319E-A343-4C2A-B961-B00BD9F02326}.homolog|Any CPU.Build.0 = Release|Any CPU
		{7448319E-A343-4C2A-B961-B00BD9F02326}.Local|Any CPU.ActiveCfg = Release|Any CPU
		{7448319E-A343-4C2A-B961-B00BD9F02326}.Local|Any CPU.Build.0 = Release|Any CPU
		{7448319E-A343-4C2A-B961-B00BD9F02326}.Migration|Any CPU.ActiveCfg = Release|Any CPU
		{7448319E-A343-4C2A-B961-B00BD9F02326}.Migration|Any CPU.Build.0 = Release|Any CPU
		{7448319E-A343-4C2A-B961-B00BD9F02326}.Pre-Production|Any CPU.ActiveCfg = Release|Any CPU
		{7448319E-A343-4C2A-B961-B00BD9F02326}.Pre-Production|Any CPU.Build.0 = Release|Any CPU
		{7448319E-A343-4C2A-B961-B00BD9F02326}.Release|Any CPU.ActiveCfg = Release|Any CPU
		{7448319E-A343-4C2A-B961-B00BD9F02326}.Release|Any CPU.Build.0 = Release|Any CPU
		{C4728C0D-7BDD-4F4A-A3E4-E49EDAEAD19F}.Debug|Any CPU.ActiveCfg = Debug|Any CPU
		{C4728C0D-7BDD-4F4A-A3E4-E49EDAEAD19F}.Debug|Any CPU.Build.0 = Debug|Any CPU
		{C4728C0D-7BDD-4F4A-A3E4-E49EDAEAD19F}.homolog|Any CPU.ActiveCfg = Release|Any CPU
		{C4728C0D-7BDD-4F4A-A3E4-E49EDAEAD19F}.homolog|Any CPU.Build.0 = Release|Any CPU
		{C4728C0D-7BDD-4F4A-A3E4-E49EDAEAD19F}.Local|Any CPU.ActiveCfg = Release|Any CPU
		{C4728C0D-7BDD-4F4A-A3E4-E49EDAEAD19F}.Local|Any CPU.Build.0 = Release|Any CPU
		{C4728C0D-7BDD-4F4A-A3E4-E49EDAEAD19F}.Migration|Any CPU.ActiveCfg = Release|Any CPU
		{C4728C0D-7BDD-4F4A-A3E4-E49EDAEAD19F}.Migration|Any CPU.Build.0 = Release|Any CPU
		{C4728C0D-7BDD-4F4A-A3E4-E49EDAEAD19F}.Pre-Production|Any CPU.ActiveCfg = Release|Any CPU
		{C4728C0D-7BDD-4F4A-A3E4-E49EDAEAD19F}.Pre-Production|Any CPU.Build.0 = Release|Any CPU
		{C4728C0D-7BDD-4F4A-A3E4-E49EDAEAD19F}.Release|Any CPU.ActiveCfg = Release|Any CPU
		{C4728C0D-7BDD-4F4A-A3E4-E49EDAEAD19F}.Release|Any CPU.Build.0 = Release|Any CPU
		{6498E995-C760-4920-8FF8-4A3EE3842D20}.Debug|Any CPU.ActiveCfg = Debug|Any CPU
		{6498E995-C760-4920-8FF8-4A3EE3842D20}.Debug|Any CPU.Build.0 = Debug|Any CPU
		{6498E995-C760-4920-8FF8-4A3EE3842D20}.homolog|Any CPU.ActiveCfg = Release|Any CPU
		{6498E995-C760-4920-8FF8-4A3EE3842D20}.homolog|Any CPU.Build.0 = Release|Any CPU
		{6498E995-C760-4920-8FF8-4A3EE3842D20}.Local|Any CPU.ActiveCfg = Release|Any CPU
		{6498E995-C760-4920-8FF8-4A3EE3842D20}.Local|Any CPU.Build.0 = Release|Any CPU
		{6498E995-C760-4920-8FF8-4A3EE3842D20}.Migration|Any CPU.ActiveCfg = Release|Any CPU
		{6498E995-C760-4920-8FF8-4A3EE3842D20}.Migration|Any CPU.Build.0 = Release|Any CPU
		{6498E995-C760-4920-8FF8-4A3EE3842D20}.Pre-Production|Any CPU.ActiveCfg = Release|Any CPU
		{6498E995-C760-4920-8FF8-4A3EE3842D20}.Pre-Production|Any CPU.Build.0 = Release|Any CPU
		{6498E995-C760-4920-8FF8-4A3EE3842D20}.Release|Any CPU.ActiveCfg = Release|Any CPU
		{6498E995-C760-4920-8FF8-4A3EE3842D20}.Release|Any CPU.Build.0 = Release|Any CPU
		{312546E3-A576-46F7-9BD4-25E7E11C35DB}.Debug|Any CPU.ActiveCfg = Debug|Any CPU
		{312546E3-A576-46F7-9BD4-25E7E11C35DB}.Debug|Any CPU.Build.0 = Debug|Any CPU
		{312546E3-A576-46F7-9BD4-25E7E11C35DB}.homolog|Any CPU.ActiveCfg = Release|Any CPU
		{312546E3-A576-46F7-9BD4-25E7E11C35DB}.homolog|Any CPU.Build.0 = Release|Any CPU
		{312546E3-A576-46F7-9BD4-25E7E11C35DB}.Local|Any CPU.ActiveCfg = Release|Any CPU
		{312546E3-A576-46F7-9BD4-25E7E11C35DB}.Local|Any CPU.Build.0 = Release|Any CPU
		{312546E3-A576-46F7-9BD4-25E7E11C35DB}.Migration|Any CPU.ActiveCfg = Release|Any CPU
		{312546E3-A576-46F7-9BD4-25E7E11C35DB}.Migration|Any CPU.Build.0 = Release|Any CPU
		{312546E3-A576-46F7-9BD4-25E7E11C35DB}.Pre-Production|Any CPU.ActiveCfg = Release|Any CPU
		{312546E3-A576-46F7-9BD4-25E7E11C35DB}.Pre-Production|Any CPU.Build.0 = Release|Any CPU
		{312546E3-A576-46F7-9BD4-25E7E11C35DB}.Release|Any CPU.ActiveCfg = Release|Any CPU
		{312546E3-A576-46F7-9BD4-25E7E11C35DB}.Release|Any CPU.Build.0 = Release|Any CPU
		{7CA0E975-7126-4017-9B7B-2C90F620DE3A}.Debug|Any CPU.ActiveCfg = Debug|Any CPU
		{7CA0E975-7126-4017-9B7B-2C90F620DE3A}.Debug|Any CPU.Build.0 = Debug|Any CPU
		{7CA0E975-7126-4017-9B7B-2C90F620DE3A}.homolog|Any CPU.ActiveCfg = Release|Any CPU
		{7CA0E975-7126-4017-9B7B-2C90F620DE3A}.homolog|Any CPU.Build.0 = Release|Any CPU
		{7CA0E975-7126-4017-9B7B-2C90F620DE3A}.Local|Any CPU.ActiveCfg = Release|Any CPU
		{7CA0E975-7126-4017-9B7B-2C90F620DE3A}.Local|Any CPU.Build.0 = Release|Any CPU
		{7CA0E975-7126-4017-9B7B-2C90F620DE3A}.Migration|Any CPU.ActiveCfg = Release|Any CPU
		{7CA0E975-7126-4017-9B7B-2C90F620DE3A}.Migration|Any CPU.Build.0 = Release|Any CPU
		{7CA0E975-7126-4017-9B7B-2C90F620DE3A}.Pre-Production|Any CPU.ActiveCfg = Release|Any CPU
		{7CA0E975-7126-4017-9B7B-2C90F620DE3A}.Pre-Production|Any CPU.Build.0 = Release|Any CPU
		{7CA0E975-7126-4017-9B7B-2C90F620DE3A}.Release|Any CPU.ActiveCfg = Release|Any CPU
		{7CA0E975-7126-4017-9B7B-2C90F620DE3A}.Release|Any CPU.Build.0 = Release|Any CPU
		{0669D309-4BA8-43D8-A028-D69F45723D21}.Debug|Any CPU.ActiveCfg = Debug|Any CPU
		{0669D309-4BA8-43D8-A028-D69F45723D21}.Debug|Any CPU.Build.0 = Debug|Any CPU
		{0669D309-4BA8-43D8-A028-D69F45723D21}.homolog|Any CPU.ActiveCfg = Release|Any CPU
		{0669D309-4BA8-43D8-A028-D69F45723D21}.homolog|Any CPU.Build.0 = Release|Any CPU
		{0669D309-4BA8-43D8-A028-D69F45723D21}.Local|Any CPU.ActiveCfg = Release|Any CPU
		{0669D309-4BA8-43D8-A028-D69F45723D21}.Local|Any CPU.Build.0 = Release|Any CPU
		{0669D309-4BA8-43D8-A028-D69F45723D21}.Migration|Any CPU.ActiveCfg = Release|Any CPU
		{0669D309-4BA8-43D8-A028-D69F45723D21}.Migration|Any CPU.Build.0 = Release|Any CPU
		{0669D309-4BA8-43D8-A028-D69F45723D21}.Pre-Production|Any CPU.ActiveCfg = Release|Any CPU
		{0669D309-4BA8-43D8-A028-D69F45723D21}.Pre-Production|Any CPU.Build.0 = Release|Any CPU
		{0669D309-4BA8-43D8-A028-D69F45723D21}.Release|Any CPU.ActiveCfg = Release|Any CPU
		{0669D309-4BA8-43D8-A028-D69F45723D21}.Release|Any CPU.Build.0 = Release|Any CPU
		{F4476279-EB2A-4837-94D7-7BFCBCAB5BF1}.Debug|Any CPU.ActiveCfg = Debug|Any CPU
		{F4476279-EB2A-4837-94D7-7BFCBCAB5BF1}.Debug|Any CPU.Build.0 = Debug|Any CPU
		{F4476279-EB2A-4837-94D7-7BFCBCAB5BF1}.homolog|Any CPU.ActiveCfg = Release|Any CPU
		{F4476279-EB2A-4837-94D7-7BFCBCAB5BF1}.homolog|Any CPU.Build.0 = Release|Any CPU
		{F4476279-EB2A-4837-94D7-7BFCBCAB5BF1}.Local|Any CPU.ActiveCfg = Release|Any CPU
		{F4476279-EB2A-4837-94D7-7BFCBCAB5BF1}.Local|Any CPU.Build.0 = Release|Any CPU
		{F4476279-EB2A-4837-94D7-7BFCBCAB5BF1}.Migration|Any CPU.ActiveCfg = Release|Any CPU
		{F4476279-EB2A-4837-94D7-7BFCBCAB5BF1}.Migration|Any CPU.Build.0 = Release|Any CPU
		{F4476279-EB2A-4837-94D7-7BFCBCAB5BF1}.Pre-Production|Any CPU.ActiveCfg = Release|Any CPU
		{F4476279-EB2A-4837-94D7-7BFCBCAB5BF1}.Pre-Production|Any CPU.Build.0 = Release|Any CPU
		{F4476279-EB2A-4837-94D7-7BFCBCAB5BF1}.Release|Any CPU.ActiveCfg = Release|Any CPU
		{F4476279-EB2A-4837-94D7-7BFCBCAB5BF1}.Release|Any CPU.Build.0 = Release|Any CPU
		{895F20DB-F23C-4AA4-801F-A2ED17D121A7}.Debug|Any CPU.ActiveCfg = Debug|Any CPU
		{895F20DB-F23C-4AA4-801F-A2ED17D121A7}.Debug|Any CPU.Build.0 = Debug|Any CPU
		{895F20DB-F23C-4AA4-801F-A2ED17D121A7}.homolog|Any CPU.ActiveCfg = Release|Any CPU
		{895F20DB-F23C-4AA4-801F-A2ED17D121A7}.homolog|Any CPU.Build.0 = Release|Any CPU
		{895F20DB-F23C-4AA4-801F-A2ED17D121A7}.Local|Any CPU.ActiveCfg = Release|Any CPU
		{895F20DB-F23C-4AA4-801F-A2ED17D121A7}.Local|Any CPU.Build.0 = Release|Any CPU
		{895F20DB-F23C-4AA4-801F-A2ED17D121A7}.Migration|Any CPU.ActiveCfg = Release|Any CPU
		{895F20DB-F23C-4AA4-801F-A2ED17D121A7}.Migration|Any CPU.Build.0 = Release|Any CPU
		{895F20DB-F23C-4AA4-801F-A2ED17D121A7}.Pre-Production|Any CPU.ActiveCfg = Release|Any CPU
		{895F20DB-F23C-4AA4-801F-A2ED17D121A7}.Pre-Production|Any CPU.Build.0 = Release|Any CPU
		{895F20DB-F23C-4AA4-801F-A2ED17D121A7}.Release|Any CPU.ActiveCfg = Release|Any CPU
		{895F20DB-F23C-4AA4-801F-A2ED17D121A7}.Release|Any CPU.Build.0 = Release|Any CPU
	EndGlobalSection
	GlobalSection(SolutionProperties) = preSolution
		HideSolutionNode = FALSE
	EndGlobalSection
	GlobalSection(NestedProjects) = preSolution
		{E5811B43-3B9B-4D54-B7C8-D664AE0E0216} = {C095FB74-1517-4C2A-A6E8-CC1F45706850}
		{B5DAB1B9-FC31-4C57-BA89-4213E293FCEA} = {C095FB74-1517-4C2A-A6E8-CC1F45706850}
		{4DA7AA58-06E7-4E91-B3E3-BD6B32337CB0} = {C095FB74-1517-4C2A-A6E8-CC1F45706850}
		{AF134BF9-6C09-4822-BBEB-A2EFF5B1878D} = {C095FB74-1517-4C2A-A6E8-CC1F45706850}
		{4F50C9A4-075B-4145-A65E-DE10D78F260C} = {C095FB74-1517-4C2A-A6E8-CC1F45706850}
		{58799509-F5DD-4C84-84F8-605D0A563D29} = {C095FB74-1517-4C2A-A6E8-CC1F45706850}
		{688D6D42-2D19-4814-B720-B35A5A799326} = {C095FB74-1517-4C2A-A6E8-CC1F45706850}
		{E46D2F64-A222-4C5F-BF21-B60D236DA808} = {C095FB74-1517-4C2A-A6E8-CC1F45706850}
		{A246AC2A-B074-4008-956B-8B7F0302C633} = {C095FB74-1517-4C2A-A6E8-CC1F45706850}
		{CBC3D992-7707-4992-9277-A1545C4948AB} = {C095FB74-1517-4C2A-A6E8-CC1F45706850}
		{53B9E2DC-150F-4E08-AFF2-C545BAAE4888} = {C095FB74-1517-4C2A-A6E8-CC1F45706850}
		{A5DD8ABC-7479-4D73-AF9A-8B7612B28935} = {C095FB74-1517-4C2A-A6E8-CC1F45706850}
		{9EE4E8CD-1009-41F9-B566-F096FEEEB7A5} = {C095FB74-1517-4C2A-A6E8-CC1F45706850}
		{DC74FAEA-D418-4280-8FE2-894366B5E8F8} = {C095FB74-1517-4C2A-A6E8-CC1F45706850}
		{DE01E283-644B-4DE6-8388-D4591E5048E3} = {C095FB74-1517-4C2A-A6E8-CC1F45706850}
		{2025AD2D-BE15-4D29-B302-BED0356457C4} = {C095FB74-1517-4C2A-A6E8-CC1F45706850}
		{5A7113D6-D681-40A6-BAC5-DBE2190B1A71} = {C095FB74-1517-4C2A-A6E8-CC1F45706850}
		{20D272EB-44DD-474A-BCDC-DF8AE6093063} = {C095FB74-1517-4C2A-A6E8-CC1F45706850}
		{715C313A-7B43-48D7-B974-7799BE869FC4} = {C095FB74-1517-4C2A-A6E8-CC1F45706850}
		{836C020A-9EB7-4282-9905-5386C92F0556} = {C095FB74-1517-4C2A-A6E8-CC1F45706850}
		{B10ED189-934E-4D64-BAD0-94E4890436C0} = {C095FB74-1517-4C2A-A6E8-CC1F45706850}
		{C8C138F5-FC0F-44F4-8341-D4807B102C6A} = {C095FB74-1517-4C2A-A6E8-CC1F45706850}
		{7C1A15AA-E727-4CC6-AE23-FEE0B8DF2710} = {C095FB74-1517-4C2A-A6E8-CC1F45706850}
		{F173E80B-E36B-48AD-B483-A27F8CA86F3C} = {C095FB74-1517-4C2A-A6E8-CC1F45706850}
		{DAB49FFC-4EAF-4FF6-84AF-DA1C63174600} = {C095FB74-1517-4C2A-A6E8-CC1F45706850}
		{86256D3E-A374-421B-8E8C-15DBDB670A2B} = {C095FB74-1517-4C2A-A6E8-CC1F45706850}
		{7448319E-A343-4C2A-B961-B00BD9F02326} = {C095FB74-1517-4C2A-A6E8-CC1F45706850}
		{C4728C0D-7BDD-4F4A-A3E4-E49EDAEAD19F} = {C095FB74-1517-4C2A-A6E8-CC1F45706850}
		{6498E995-C760-4920-8FF8-4A3EE3842D20} = {C095FB74-1517-4C2A-A6E8-CC1F45706850}
		{312546E3-A576-46F7-9BD4-25E7E11C35DB} = {C095FB74-1517-4C2A-A6E8-CC1F45706850}
		{B741FF50-A6CD-4178-AD27-E8832327E03C} = {D6908637-AE21-4BD5-BA6F-EDAAD8C99B2C}
		{27803DD6-1CAB-4CD6-A3ED-EA545CDEB4CE} = {D6908637-AE21-4BD5-BA6F-EDAAD8C99B2C}
		{DB797C89-B078-4539-ABCC-8958CEE74B56} = {B741FF50-A6CD-4178-AD27-E8832327E03C}
		{E4018D8D-6247-408F-A375-DCEC4A66B53C} = {B741FF50-A6CD-4178-AD27-E8832327E03C}
		{83108B37-C752-42C5-8DB7-9E00B69C6E25} = {B741FF50-A6CD-4178-AD27-E8832327E03C}
		{8A764834-942B-4DFF-B5B2-FE11E66A7661} = {B741FF50-A6CD-4178-AD27-E8832327E03C}
		{633C9EC0-FFED-4360-A1BD-A3528DE7B6E2} = {DB797C89-B078-4539-ABCC-8958CEE74B56}
		{394A0FCD-F8BC-41EF-ACE4-004928E09244} = {DB797C89-B078-4539-ABCC-8958CEE74B56}
		{6D4EFBC8-1711-42C9-A14A-AB9623538AB6} = {DB797C89-B078-4539-ABCC-8958CEE74B56}
		{B9687B77-9A4F-423F-B3F1-2A9492DF31B6} = {27803DD6-1CAB-4CD6-A3ED-EA545CDEB4CE}
		{A01C18AF-2E29-4F66-B08D-21BD8D426FC3} = {27803DD6-1CAB-4CD6-A3ED-EA545CDEB4CE}
		{7CA0E975-7126-4017-9B7B-2C90F620DE3A} = {C095FB74-1517-4C2A-A6E8-CC1F45706850}
		{0669D309-4BA8-43D8-A028-D69F45723D21} = {C095FB74-1517-4C2A-A6E8-CC1F45706850}
		{F4476279-EB2A-4837-94D7-7BFCBCAB5BF1} = {C095FB74-1517-4C2A-A6E8-CC1F45706850}
		{895F20DB-F23C-4AA4-801F-A2ED17D121A7} = {C095FB74-1517-4C2A-A6E8-CC1F45706850}
	EndGlobalSection
	GlobalSection(ExtensibilityGlobals) = postSolution
		SolutionGuid = {560D720D-54EC-435C-88B9-7973149818D0}
	EndGlobalSection
EndGlobal
